// !$*UTF8*$!
{
	archiveVersion = 1;
	classes = {
	};
	objectVersion = 46;
	objects = {

/* Begin PBXBuildFile section */
		FDAF46721C47E8AA008060CD /* AppDelegate.swift in Sources */ = {isa = PBXBuildFile; fileRef = FDAF46711C47E8AA008060CD /* AppDelegate.swift */; };
		FDAF46741C47E8AA008060CD /* ViewController.swift in Sources */ = {isa = PBXBuildFile; fileRef = FDAF46731C47E8AA008060CD /* ViewController.swift */; };
		FDAF46771C47E8AA008060CD /* Main.storyboard in Resources */ = {isa = PBXBuildFile; fileRef = FDAF46751C47E8AA008060CD /* Main.storyboard */; };
		FDAF46791C47E8AA008060CD /* Assets.xcassets in Resources */ = {isa = PBXBuildFile; fileRef = FDAF46781C47E8AA008060CD /* Assets.xcassets */; };
		FDAF467C1C47E8AA008060CD /* LaunchScreen.storyboard in Resources */ = {isa = PBXBuildFile; fileRef = FDAF467A1C47E8AA008060CD /* LaunchScreen.storyboard */; };
		FDAF46871C47E8AB008060CD /* P_effectTests.swift in Sources */ = {isa = PBXBuildFile; fileRef = FDAF46861C47E8AB008060CD /* P_effectTests.swift */; };
		FDAF46921C47E8AB008060CD /* P_effectUITests.swift in Sources */ = {isa = PBXBuildFile; fileRef = FDAF46911C47E8AB008060CD /* P_effectUITests.swift */; };
/* End PBXBuildFile section */

/* Begin PBXContainerItemProxy section */
		FDAF46831C47E8AB008060CD /* PBXContainerItemProxy */ = {
			isa = PBXContainerItemProxy;
			containerPortal = FDAF46661C47E8AA008060CD /* Project object */;
			proxyType = 1;
			remoteGlobalIDString = FDAF466D1C47E8AA008060CD;
			remoteInfo = "P-effect";
		};
		FDAF468E1C47E8AB008060CD /* PBXContainerItemProxy */ = {
			isa = PBXContainerItemProxy;
			containerPortal = FDAF46661C47E8AA008060CD /* Project object */;
			proxyType = 1;
			remoteGlobalIDString = FDAF466D1C47E8AA008060CD;
			remoteInfo = "P-effect";
		};
/* End PBXContainerItemProxy section */

/* Begin PBXFileReference section */
		FDAF466E1C47E8AA008060CD /* P-effect.app */ = {isa = PBXFileReference; explicitFileType = wrapper.application; includeInIndex = 0; path = "P-effect.app"; sourceTree = BUILT_PRODUCTS_DIR; };
		FDAF46711C47E8AA008060CD /* AppDelegate.swift */ = {isa = PBXFileReference; lastKnownFileType = sourcecode.swift; path = AppDelegate.swift; sourceTree = "<group>"; };
		FDAF46731C47E8AA008060CD /* ViewController.swift */ = {isa = PBXFileReference; lastKnownFileType = sourcecode.swift; path = ViewController.swift; sourceTree = "<group>"; };
		FDAF46761C47E8AA008060CD /* Base */ = {isa = PBXFileReference; lastKnownFileType = file.storyboard; name = Base; path = Base.lproj/Main.storyboard; sourceTree = "<group>"; };
		FDAF46781C47E8AA008060CD /* Assets.xcassets */ = {isa = PBXFileReference; lastKnownFileType = folder.assetcatalog; path = Assets.xcassets; sourceTree = "<group>"; };
		FDAF467B1C47E8AA008060CD /* Base */ = {isa = PBXFileReference; lastKnownFileType = file.storyboard; name = Base; path = Base.lproj/LaunchScreen.storyboard; sourceTree = "<group>"; };
		FDAF467D1C47E8AA008060CD /* Info.plist */ = {isa = PBXFileReference; lastKnownFileType = text.plist.xml; path = Info.plist; sourceTree = "<group>"; };
		FDAF46821C47E8AB008060CD /* P-effectTests.xctest */ = {isa = PBXFileReference; explicitFileType = wrapper.cfbundle; includeInIndex = 0; path = "P-effectTests.xctest"; sourceTree = BUILT_PRODUCTS_DIR; };
		FDAF46861C47E8AB008060CD /* P_effectTests.swift */ = {isa = PBXFileReference; lastKnownFileType = sourcecode.swift; path = P_effectTests.swift; sourceTree = "<group>"; };
		FDAF46881C47E8AB008060CD /* Info.plist */ = {isa = PBXFileReference; lastKnownFileType = text.plist.xml; path = Info.plist; sourceTree = "<group>"; };
		FDAF468D1C47E8AB008060CD /* P-effectUITests.xctest */ = {isa = PBXFileReference; explicitFileType = wrapper.cfbundle; includeInIndex = 0; path = "P-effectUITests.xctest"; sourceTree = BUILT_PRODUCTS_DIR; };
		FDAF46911C47E8AB008060CD /* P_effectUITests.swift */ = {isa = PBXFileReference; lastKnownFileType = sourcecode.swift; path = P_effectUITests.swift; sourceTree = "<group>"; };
		FDAF46931C47E8AB008060CD /* Info.plist */ = {isa = PBXFileReference; lastKnownFileType = text.plist.xml; path = Info.plist; sourceTree = "<group>"; };
/* End PBXFileReference section */

/* Begin PBXFrameworksBuildPhase section */
		FDAF466B1C47E8AA008060CD /* Frameworks */ = {
			isa = PBXFrameworksBuildPhase;
			buildActionMask = 2147483647;
			files = (
			);
			runOnlyForDeploymentPostprocessing = 0;
		};
		FDAF467F1C47E8AB008060CD /* Frameworks */ = {
			isa = PBXFrameworksBuildPhase;
			buildActionMask = 2147483647;
			files = (
			);
			runOnlyForDeploymentPostprocessing = 0;
		};
		FDAF468A1C47E8AB008060CD /* Frameworks */ = {
			isa = PBXFrameworksBuildPhase;
			buildActionMask = 2147483647;
			files = (
			);
			runOnlyForDeploymentPostprocessing = 0;
		};
/* End PBXFrameworksBuildPhase section */

/* Begin PBXGroup section */
		FDAF46651C47E8AA008060CD = {
			isa = PBXGroup;
			children = (
				FDAF46701C47E8AA008060CD /* P-effect */,
				FDAF46851C47E8AB008060CD /* P-effectTests */,
				FDAF46901C47E8AB008060CD /* P-effectUITests */,
				FDAF466F1C47E8AA008060CD /* Products */,
			);
			sourceTree = "<group>";
		};
		FDAF466F1C47E8AA008060CD /* Products */ = {
			isa = PBXGroup;
			children = (
				FDAF466E1C47E8AA008060CD /* P-effect.app */,
				FDAF46821C47E8AB008060CD /* P-effectTests.xctest */,
				FDAF468D1C47E8AB008060CD /* P-effectUITests.xctest */,
			);
			name = Products;
			sourceTree = "<group>";
		};
		FDAF46701C47E8AA008060CD /* P-effect */ = {
			isa = PBXGroup;
			children = (
				FDAF46711C47E8AA008060CD /* AppDelegate.swift */,
				FDAF46731C47E8AA008060CD /* ViewController.swift */,
				FDAF46751C47E8AA008060CD /* Main.storyboard */,
				FDAF46781C47E8AA008060CD /* Assets.xcassets */,
				FDAF467A1C47E8AA008060CD /* LaunchScreen.storyboard */,
				FDAF467D1C47E8AA008060CD /* Info.plist */,
			);
			path = "P-effect";
			sourceTree = "<group>";
		};
		FDAF46851C47E8AB008060CD /* P-effectTests */ = {
			isa = PBXGroup;
			children = (
				FDAF46861C47E8AB008060CD /* P_effectTests.swift */,
				FDAF46881C47E8AB008060CD /* Info.plist */,
			);
			path = "P-effectTests";
			sourceTree = "<group>";
		};
		FDAF46901C47E8AB008060CD /* P-effectUITests */ = {
			isa = PBXGroup;
			children = (
				FDAF46911C47E8AB008060CD /* P_effectUITests.swift */,
				FDAF46931C47E8AB008060CD /* Info.plist */,
			);
			path = "P-effectUITests";
			sourceTree = "<group>";
		};
/* End PBXGroup section */

/* Begin PBXNativeTarget section */
		FDAF466D1C47E8AA008060CD /* P-effect */ = {
			isa = PBXNativeTarget;
			buildConfigurationList = FDAF46961C47E8AB008060CD /* Build configuration list for PBXNativeTarget "P-effect" */;
			buildPhases = (
				FDAF466A1C47E8AA008060CD /* Sources */,
				FDAF466B1C47E8AA008060CD /* Frameworks */,
				FDAF466C1C47E8AA008060CD /* Resources */,
			);
			buildRules = (
			);
			dependencies = (
			);
			name = "P-effect";
			productName = "P-effect";
			productReference = FDAF466E1C47E8AA008060CD /* P-effect.app */;
			productType = "com.apple.product-type.application";
		};
		FDAF46811C47E8AB008060CD /* P-effectTests */ = {
			isa = PBXNativeTarget;
			buildConfigurationList = FDAF46991C47E8AB008060CD /* Build configuration list for PBXNativeTarget "P-effectTests" */;
			buildPhases = (
				FDAF467E1C47E8AB008060CD /* Sources */,
				FDAF467F1C47E8AB008060CD /* Frameworks */,
				FDAF46801C47E8AB008060CD /* Resources */,
			);
			buildRules = (
			);
			dependencies = (
				FDAF46841C47E8AB008060CD /* PBXTargetDependency */,
			);
			name = "P-effectTests";
			productName = "P-effectTests";
			productReference = FDAF46821C47E8AB008060CD /* P-effectTests.xctest */;
			productType = "com.apple.product-type.bundle.unit-test";
		};
		FDAF468C1C47E8AB008060CD /* P-effectUITests */ = {
			isa = PBXNativeTarget;
			buildConfigurationList = FDAF469C1C47E8AB008060CD /* Build configuration list for PBXNativeTarget "P-effectUITests" */;
			buildPhases = (
				FDAF46891C47E8AB008060CD /* Sources */,
				FDAF468A1C47E8AB008060CD /* Frameworks */,
				FDAF468B1C47E8AB008060CD /* Resources */,
			);
			buildRules = (
			);
			dependencies = (
				FDAF468F1C47E8AB008060CD /* PBXTargetDependency */,
			);
			name = "P-effectUITests";
			productName = "P-effectUITests";
			productReference = FDAF468D1C47E8AB008060CD /* P-effectUITests.xctest */;
			productType = "com.apple.product-type.bundle.ui-testing";
		};
/* End PBXNativeTarget section */

/* Begin PBXProject section */
		FDAF46661C47E8AA008060CD /* Project object */ = {
			isa = PBXProject;
			attributes = {
				LastSwiftUpdateCheck = 0720;
				LastUpgradeCheck = 0720;
				ORGANIZATIONNAME = Yalantis;
				TargetAttributes = {
					FDAF466D1C47E8AA008060CD = {
						CreatedOnToolsVersion = 7.2;
						DevelopmentTeam = UCN646ZLE7;
					};
					FDAF46811C47E8AB008060CD = {
						CreatedOnToolsVersion = 7.2;
						DevelopmentTeam = UCN646ZLE7;
						TestTargetID = FDAF466D1C47E8AA008060CD;
					};
					FDAF468C1C47E8AB008060CD = {
						CreatedOnToolsVersion = 7.2;
						DevelopmentTeam = UCN646ZLE7;
						TestTargetID = FDAF466D1C47E8AA008060CD;
					};
				};
			};
			buildConfigurationList = FDAF46691C47E8AA008060CD /* Build configuration list for PBXProject "P-effect" */;
			compatibilityVersion = "Xcode 3.2";
			developmentRegion = English;
			hasScannedForEncodings = 0;
			knownRegions = (
				en,
				Base,
			);
			mainGroup = FDAF46651C47E8AA008060CD;
			productRefGroup = FDAF466F1C47E8AA008060CD /* Products */;
			projectDirPath = "";
			projectRoot = "";
			targets = (
				FDAF466D1C47E8AA008060CD /* P-effect */,
				FDAF46811C47E8AB008060CD /* P-effectTests */,
				FDAF468C1C47E8AB008060CD /* P-effectUITests */,
			);
		};
/* End PBXProject section */

/* Begin PBXResourcesBuildPhase section */
		FDAF466C1C47E8AA008060CD /* Resources */ = {
			isa = PBXResourcesBuildPhase;
			buildActionMask = 2147483647;
			files = (
				FDAF467C1C47E8AA008060CD /* LaunchScreen.storyboard in Resources */,
				FDAF46791C47E8AA008060CD /* Assets.xcassets in Resources */,
				FDAF46771C47E8AA008060CD /* Main.storyboard in Resources */,
			);
			runOnlyForDeploymentPostprocessing = 0;
		};
		FDAF46801C47E8AB008060CD /* Resources */ = {
			isa = PBXResourcesBuildPhase;
			buildActionMask = 2147483647;
			files = (
			);
			runOnlyForDeploymentPostprocessing = 0;
		};
		FDAF468B1C47E8AB008060CD /* Resources */ = {
			isa = PBXResourcesBuildPhase;
			buildActionMask = 2147483647;
			files = (
			);
			runOnlyForDeploymentPostprocessing = 0;
		};
/* End PBXResourcesBuildPhase section */

/* Begin PBXSourcesBuildPhase section */
		FDAF466A1C47E8AA008060CD /* Sources */ = {
			isa = PBXSourcesBuildPhase;
			buildActionMask = 2147483647;
			files = (
				FDAF46741C47E8AA008060CD /* ViewController.swift in Sources */,
				FDAF46721C47E8AA008060CD /* AppDelegate.swift in Sources */,
			);
			runOnlyForDeploymentPostprocessing = 0;
		};
		FDAF467E1C47E8AB008060CD /* Sources */ = {
			isa = PBXSourcesBuildPhase;
			buildActionMask = 2147483647;
			files = (
				FDAF46871C47E8AB008060CD /* P_effectTests.swift in Sources */,
			);
			runOnlyForDeploymentPostprocessing = 0;
		};
		FDAF46891C47E8AB008060CD /* Sources */ = {
			isa = PBXSourcesBuildPhase;
			buildActionMask = 2147483647;
			files = (
				FDAF46921C47E8AB008060CD /* P_effectUITests.swift in Sources */,
			);
			runOnlyForDeploymentPostprocessing = 0;
		};
/* End PBXSourcesBuildPhase section */

/* Begin PBXTargetDependency section */
		FDAF46841C47E8AB008060CD /* PBXTargetDependency */ = {
			isa = PBXTargetDependency;
			target = FDAF466D1C47E8AA008060CD /* P-effect */;
			targetProxy = FDAF46831C47E8AB008060CD /* PBXContainerItemProxy */;
		};
		FDAF468F1C47E8AB008060CD /* PBXTargetDependency */ = {
			isa = PBXTargetDependency;
			target = FDAF466D1C47E8AA008060CD /* P-effect */;
			targetProxy = FDAF468E1C47E8AB008060CD /* PBXContainerItemProxy */;
		};
/* End PBXTargetDependency section */

/* Begin PBXVariantGroup section */
		FDAF46751C47E8AA008060CD /* Main.storyboard */ = {
			isa = PBXVariantGroup;
			children = (
				FDAF46761C47E8AA008060CD /* Base */,
			);
			name = Main.storyboard;
			sourceTree = "<group>";
		};
		FDAF467A1C47E8AA008060CD /* LaunchScreen.storyboard */ = {
			isa = PBXVariantGroup;
			children = (
				FDAF467B1C47E8AA008060CD /* Base */,
			);
			name = LaunchScreen.storyboard;
			sourceTree = "<group>";
		};
/* End PBXVariantGroup section */

/* Begin XCBuildConfiguration section */
		FDAF46941C47E8AB008060CD /* Debug */ = {
			isa = XCBuildConfiguration;
			buildSettings = {
				ALWAYS_SEARCH_USER_PATHS = NO;
				CLANG_CXX_LANGUAGE_STANDARD = "gnu++0x";
				CLANG_CXX_LIBRARY = "libc++";
				CLANG_ENABLE_MODULES = YES;
				CLANG_ENABLE_OBJC_ARC = YES;
				CLANG_WARN_BOOL_CONVERSION = YES;
				CLANG_WARN_CONSTANT_CONVERSION = YES;
				CLANG_WARN_DIRECT_OBJC_ISA_USAGE = YES_ERROR;
				CLANG_WARN_EMPTY_BODY = YES;
				CLANG_WARN_ENUM_CONVERSION = YES;
				CLANG_WARN_INT_CONVERSION = YES;
				CLANG_WARN_OBJC_ROOT_CLASS = YES_ERROR;
				CLANG_WARN_UNREACHABLE_CODE = YES;
				CLANG_WARN__DUPLICATE_METHOD_MATCH = YES;
				"CODE_SIGN_IDENTITY[sdk=iphoneos*]" = "iPhone Developer";
				COPY_PHASE_STRIP = NO;
				DEBUG_INFORMATION_FORMAT = dwarf;
				ENABLE_STRICT_OBJC_MSGSEND = YES;
				ENABLE_TESTABILITY = YES;
				GCC_C_LANGUAGE_STANDARD = gnu99;
				GCC_DYNAMIC_NO_PIC = NO;
				GCC_NO_COMMON_BLOCKS = YES;
				GCC_OPTIMIZATION_LEVEL = 0;
				GCC_PREPROCESSOR_DEFINITIONS = (
					"DEBUG=1",
					"$(inherited)",
				);
				GCC_WARN_64_TO_32_BIT_CONVERSION = YES;
				GCC_WARN_ABOUT_RETURN_TYPE = YES_ERROR;
				GCC_WARN_UNDECLARED_SELECTOR = YES;
				GCC_WARN_UNINITIALIZED_AUTOS = YES_AGGRESSIVE;
				GCC_WARN_UNUSED_FUNCTION = YES;
				GCC_WARN_UNUSED_VARIABLE = YES;
				IPHONEOS_DEPLOYMENT_TARGET = 9.2;
				MTL_ENABLE_DEBUG_INFO = YES;
				ONLY_ACTIVE_ARCH = YES;
				SDKROOT = iphoneos;
				SWIFT_OPTIMIZATION_LEVEL = "-Onone";
				TARGETED_DEVICE_FAMILY = "1,2";
			};
			name = Debug;
		};
		FDAF46951C47E8AB008060CD /* Release */ = {
			isa = XCBuildConfiguration;
			buildSettings = {
				ALWAYS_SEARCH_USER_PATHS = NO;
				CLANG_CXX_LANGUAGE_STANDARD = "gnu++0x";
				CLANG_CXX_LIBRARY = "libc++";
				CLANG_ENABLE_MODULES = YES;
				CLANG_ENABLE_OBJC_ARC = YES;
				CLANG_WARN_BOOL_CONVERSION = YES;
				CLANG_WARN_CONSTANT_CONVERSION = YES;
				CLANG_WARN_DIRECT_OBJC_ISA_USAGE = YES_ERROR;
				CLANG_WARN_EMPTY_BODY = YES;
				CLANG_WARN_ENUM_CONVERSION = YES;
				CLANG_WARN_INT_CONVERSION = YES;
				CLANG_WARN_OBJC_ROOT_CLASS = YES_ERROR;
				CLANG_WARN_UNREACHABLE_CODE = YES;
				CLANG_WARN__DUPLICATE_METHOD_MATCH = YES;
				"CODE_SIGN_IDENTITY[sdk=iphoneos*]" = "iPhone Developer";
				COPY_PHASE_STRIP = NO;
				DEBUG_INFORMATION_FORMAT = "dwarf-with-dsym";
				ENABLE_NS_ASSERTIONS = NO;
				ENABLE_STRICT_OBJC_MSGSEND = YES;
				GCC_C_LANGUAGE_STANDARD = gnu99;
				GCC_NO_COMMON_BLOCKS = YES;
				GCC_WARN_64_TO_32_BIT_CONVERSION = YES;
				GCC_WARN_ABOUT_RETURN_TYPE = YES_ERROR;
				GCC_WARN_UNDECLARED_SELECTOR = YES;
				GCC_WARN_UNINITIALIZED_AUTOS = YES_AGGRESSIVE;
				GCC_WARN_UNUSED_FUNCTION = YES;
				GCC_WARN_UNUSED_VARIABLE = YES;
				IPHONEOS_DEPLOYMENT_TARGET = 9.2;
				MTL_ENABLE_DEBUG_INFO = NO;
				SDKROOT = iphoneos;
				TARGETED_DEVICE_FAMILY = "1,2";
				VALIDATE_PRODUCT = YES;
			};
			name = Release;
		};
		FDAF46971C47E8AB008060CD /* Debug */ = {
			isa = XCBuildConfiguration;
			buildSettings = {
				ASSETCATALOG_COMPILER_APPICON_NAME = AppIcon;
				INFOPLIST_FILE = "P-effect/Info.plist";
				LD_RUNPATH_SEARCH_PATHS = "$(inherited) @executable_path/Frameworks";
				PRODUCT_BUNDLE_IDENTIFIER = "Yal.P-effect";
				PRODUCT_NAME = "$(TARGET_NAME)";
			};
			name = Debug;
		};
		FDAF46981C47E8AB008060CD /* Release */ = {
			isa = XCBuildConfiguration;
			buildSettings = {
				ASSETCATALOG_COMPILER_APPICON_NAME = AppIcon;
				INFOPLIST_FILE = "P-effect/Info.plist";
				LD_RUNPATH_SEARCH_PATHS = "$(inherited) @executable_path/Frameworks";
				PRODUCT_BUNDLE_IDENTIFIER = "Yal.P-effect";
				PRODUCT_NAME = "$(TARGET_NAME)";
			};
			name = Release;
		};
		FDAF469A1C47E8AB008060CD /* Debug */ = {
			isa = XCBuildConfiguration;
			buildSettings = {
				BUNDLE_LOADER = "$(TEST_HOST)";
				INFOPLIST_FILE = "P-effectTests/Info.plist";
				LD_RUNPATH_SEARCH_PATHS = "$(inherited) @executable_path/Frameworks @loader_path/Frameworks";
				PRODUCT_BUNDLE_IDENTIFIER = "Yal.P-effectTests";
				PRODUCT_NAME = "$(TARGET_NAME)";
				TEST_HOST = "$(BUILT_PRODUCTS_DIR)/P-effect.app/P-effect";
			};
			name = Debug;
		};
		FDAF469B1C47E8AB008060CD /* Release */ = {
			isa = XCBuildConfiguration;
			buildSettings = {
				BUNDLE_LOADER = "$(TEST_HOST)";
				INFOPLIST_FILE = "P-effectTests/Info.plist";
				LD_RUNPATH_SEARCH_PATHS = "$(inherited) @executable_path/Frameworks @loader_path/Frameworks";
				PRODUCT_BUNDLE_IDENTIFIER = "Yal.P-effectTests";
				PRODUCT_NAME = "$(TARGET_NAME)";
				TEST_HOST = "$(BUILT_PRODUCTS_DIR)/P-effect.app/P-effect";
			};
			name = Release;
		};
		FDAF469D1C47E8AB008060CD /* Debug */ = {
			isa = XCBuildConfiguration;
			buildSettings = {
				INFOPLIST_FILE = "P-effectUITests/Info.plist";
				LD_RUNPATH_SEARCH_PATHS = "$(inherited) @executable_path/Frameworks @loader_path/Frameworks";
				PRODUCT_BUNDLE_IDENTIFIER = "Yal.P-effectUITests";
				PRODUCT_NAME = "$(TARGET_NAME)";
				TEST_TARGET_NAME = "P-effect";
				USES_XCTRUNNER = YES;
			};
			name = Debug;
		};
		FDAF469E1C47E8AB008060CD /* Release */ = {
			isa = XCBuildConfiguration;
			buildSettings = {
				INFOPLIST_FILE = "P-effectUITests/Info.plist";
				LD_RUNPATH_SEARCH_PATHS = "$(inherited) @executable_path/Frameworks @loader_path/Frameworks";
				PRODUCT_BUNDLE_IDENTIFIER = "Yal.P-effectUITests";
				PRODUCT_NAME = "$(TARGET_NAME)";
				TEST_TARGET_NAME = "P-effect";
				USES_XCTRUNNER = YES;
			};
			name = Release;
		};
/* End XCBuildConfiguration section */

/* Begin XCConfigurationList section */
		FDAF46691C47E8AA008060CD /* Build configuration list for PBXProject "P-effect" */ = {
			isa = XCConfigurationList;
			buildConfigurations = (
				FDAF46941C47E8AB008060CD /* Debug */,
				FDAF46951C47E8AB008060CD /* Release */,
			);
			defaultConfigurationIsVisible = 0;
			defaultConfigurationName = Release;
		};
		FDAF46961C47E8AB008060CD /* Build configuration list for PBXNativeTarget "P-effect" */ = {
			isa = XCConfigurationList;
			buildConfigurations = (
				FDAF46971C47E8AB008060CD /* Debug */,
				FDAF46981C47E8AB008060CD /* Release */,
			);
			defaultConfigurationIsVisible = 0;
		};
		FDAF46991C47E8AB008060CD /* Build configuration list for PBXNativeTarget "P-effectTests" */ = {
			isa = XCConfigurationList;
			buildConfigurations = (
				FDAF469A1C47E8AB008060CD /* Debug */,
				FDAF469B1C47E8AB008060CD /* Release */,
			);
			defaultConfigurationIsVisible = 0;
		};
		FDAF469C1C47E8AB008060CD /* Build configuration list for PBXNativeTarget "P-effectUITests" */ = {
			isa = XCConfigurationList;
			buildConfigurations = (
				FDAF469D1C47E8AB008060CD /* Debug */,
				FDAF469E1C47E8AB008060CD /* Release */,
			);
			defaultConfigurationIsVisible = 0;
		};
/* End XCConfigurationList section */
	};
	rootObject = FDAF46661C47E8AA008060CD /* Project object */;
}
