// !$*UTF8*$!
{
	archiveVersion = 1;
	classes = {
	};
	objectVersion = 46;
	objects = {

/* Begin PBXBuildFile section */
		4904A1B61C526EA200F26E05 /* ValidationService.swift in Sources */ = {isa = PBXBuildFile; fileRef = 4904A1B51C526EA200F26E05 /* ValidationService.swift */; };
		49089CA51C4FA09C00027191 /* ProfileViewModel.swift in Sources */ = {isa = PBXBuildFile; fileRef = 49089CA41C4FA09C00027191 /* ProfileViewModel.swift */; };
		497B87251C4D152C00A4A32B /* ProfileViewController.swift in Sources */ = {isa = PBXBuildFile; fileRef = 497B87241C4D152C00A4A32B /* ProfileViewController.swift */; };
		499DD04B1C57964000DABCD5 /* PhotoEditorViewController.swift in Sources */ = {isa = PBXBuildFile; fileRef = 499DD04A1C57964000DABCD5 /* PhotoEditorViewController.swift */; };
		499DD04D1C579A4600DABCD5 /* PhotoEditorModel.swift in Sources */ = {isa = PBXBuildFile; fileRef = 499DD04C1C579A4600DABCD5 /* PhotoEditorModel.swift */; };
		499DD04F1C579D3100DABCD5 /* EffectsPickerViewController.swift in Sources */ = {isa = PBXBuildFile; fileRef = 499DD04E1C579D3100DABCD5 /* EffectsPickerViewController.swift */; };
		499DD0511C579EF200DABCD5 /* ImageViewController.swift in Sources */ = {isa = PBXBuildFile; fileRef = 499DD0501C579EF200DABCD5 /* ImageViewController.swift */; };
		499DD0531C579F1300DABCD5 /* EffectsPickerModel.swift in Sources */ = {isa = PBXBuildFile; fileRef = 499DD0521C579F1300DABCD5 /* EffectsPickerModel.swift */; };
		499DD0551C57D2D300DABCD5 /* Main.storyboard in Resources */ = {isa = PBXBuildFile; fileRef = 499DD0541C57D2D300DABCD5 /* Main.storyboard */; };
		499DD0571C57DFD100DABCD5 /* ImageViewModel.swift in Sources */ = {isa = PBXBuildFile; fileRef = 499DD0561C57DFD100DABCD5 /* ImageViewModel.swift */; };
		49F4156F1C4A591500143E78 /* Ribbon_V2_2011.otf in Resources */ = {isa = PBXBuildFile; fileRef = 49F4156E1C4A591500143E78 /* Ribbon_V2_2011.otf */; };
		49F415731C4A7AD200143E78 /* Silverfake.otf in Resources */ = {isa = PBXBuildFile; fileRef = 49F415721C4A7AA600143E78 /* Silverfake.otf */; };
		49F415741C4A7AD200143E78 /* Scratch Basic.otf in Resources */ = {isa = PBXBuildFile; fileRef = 49F415701C4A791600143E78 /* Scratch Basic.otf */; };
		49F415751C4A7AD200143E78 /* Scratch Detail.otf in Resources */ = {isa = PBXBuildFile; fileRef = 49F415711C4A791600143E78 /* Scratch Detail.otf */; };
		49F415771C4A842F00143E78 /* Assets.xcassets in Resources */ = {isa = PBXBuildFile; fileRef = 49F415761C4A842F00143E78 /* Assets.xcassets */; };
		49FE57C71C4E63E500C4B30F /* PostViewCell.xib in Resources */ = {isa = PBXBuildFile; fileRef = 49FE57C51C4E63E500C4B30F /* PostViewCell.xib */; };
		49FE57CB1C4E66E600C4B30F /* PostViewCell.swift in Sources */ = {isa = PBXBuildFile; fileRef = 49FE57CA1C4E66E600C4B30F /* PostViewCell.swift */; };
		72E90D0CC3A1E19B4A1E73D1 /* libPods.a in Frameworks */ = {isa = PBXBuildFile; fileRef = A04F06C86371F8045FB9A166 /* libPods.a */; };
		95199AEB1C4CF6A00086D613 /* FeedViewController.swift in Sources */ = {isa = PBXBuildFile; fileRef = 95199AEA1C4CF6A00086D613 /* FeedViewController.swift */; };
		95D6D7AD1C4E5E3B004E2145 /* AuthorizationViewController.swift in Sources */ = {isa = PBXBuildFile; fileRef = 95D6D7AC1C4E5E3B004E2145 /* AuthorizationViewController.swift */; };
		95D6D7AF1C4E9036004E2145 /* ImageLoaderService.swift in Sources */ = {isa = PBXBuildFile; fileRef = 95D6D7AE1C4E9036004E2145 /* ImageLoaderService.swift */; };
		95D6D7B31C50998D004E2145 /* ErrorHandler.swift in Sources */ = {isa = PBXBuildFile; fileRef = 95D6D7B21C50998D004E2145 /* ErrorHandler.swift */; };
		FD12C1051C5185EE006F99FD /* FBAuthorization.swift in Sources */ = {isa = PBXBuildFile; fileRef = FD12C1041C5185EE006F99FD /* FBAuthorization.swift */; };
		FD6C17BD1C49506100A01715 /* Constants.swift in Sources */ = {isa = PBXBuildFile; fileRef = FD6C17BC1C49506100A01715 /* Constants.swift */; };
		FD6C17C11C49540A00A01715 /* UserModel.swift in Sources */ = {isa = PBXBuildFile; fileRef = FD6C17C01C49540A00A01715 /* UserModel.swift */; };
		FD8EFA071C4FDCCC00B1C021 /* EditProfileViewController.swift in Sources */ = {isa = PBXBuildFile; fileRef = FD8EFA061C4FDCCC00B1C021 /* EditProfileViewController.swift */; };
		FDAF46AC1C49369E008060CD /* AppDelegate.swift in Sources */ = {isa = PBXBuildFile; fileRef = FDAF46A01C49369E008060CD /* AppDelegate.swift */; };
		FDD0F0B31C4E528700331799 /* AlertService.swift in Sources */ = {isa = PBXBuildFile; fileRef = FDD0F0AD1C4E528700331799 /* AlertService.swift */; };
		FDD0F0B41C4E528700331799 /* AuthService.swift in Sources */ = {isa = PBXBuildFile; fileRef = FDD0F0AE1C4E528700331799 /* AuthService.swift */; };
		FDD0F0B51C4E528700331799 /* LoaderService.swift in Sources */ = {isa = PBXBuildFile; fileRef = FDD0F0AF1C4E528700331799 /* LoaderService.swift */; };
		FDD0F0B61C4E528700331799 /* PhotoGenerator.swift in Sources */ = {isa = PBXBuildFile; fileRef = FDD0F0B01C4E528700331799 /* PhotoGenerator.swift */; };
		FDD0F0B71C4E528700331799 /* Router.swift in Sources */ = {isa = PBXBuildFile; fileRef = FDD0F0B11C4E528700331799 /* Router.swift */; };
		FDD0F0B81C4E528700331799 /* SaverService.swift in Sources */ = {isa = PBXBuildFile; fileRef = FDD0F0B21C4E528700331799 /* SaverService.swift */; };
		FDD0F0BA1C4E52DD00331799 /* PostDataSource.swift in Sources */ = {isa = PBXBuildFile; fileRef = FDD0F0B91C4E52DD00331799 /* PostDataSource.swift */; };
		FDD0F0BC1C4E52F300331799 /* Post.swift in Sources */ = {isa = PBXBuildFile; fileRef = FDD0F0BB1C4E52F300331799 /* Post.swift */; };
		FDD0F0BE1C4E531000331799 /* PostModel.swift in Sources */ = {isa = PBXBuildFile; fileRef = FDD0F0BD1C4E531000331799 /* PostModel.swift */; };
		FDD0F0C01C4E535900331799 /* Reachability.swift in Sources */ = {isa = PBXBuildFile; fileRef = FDD0F0BF1C4E535900331799 /* Reachability.swift */; };
		FDE508D41C49482F003C772B /* User.swift in Sources */ = {isa = PBXBuildFile; fileRef = FDE508D31C49482F003C772B /* User.swift */; };
/* End PBXBuildFile section */

/* Begin PBXContainerItemProxy section */
		FDAF46831C47E8AB008060CD /* PBXContainerItemProxy */ = {
			isa = PBXContainerItemProxy;
			containerPortal = FDAF46661C47E8AA008060CD /* Project object */;
			proxyType = 1;
			remoteGlobalIDString = FDAF466D1C47E8AA008060CD;
			remoteInfo = "P-effect";
		};
		FDAF468E1C47E8AB008060CD /* PBXContainerItemProxy */ = {
			isa = PBXContainerItemProxy;
			containerPortal = FDAF46661C47E8AA008060CD /* Project object */;
			proxyType = 1;
			remoteGlobalIDString = FDAF466D1C47E8AA008060CD;
			remoteInfo = "P-effect";
		};
/* End PBXContainerItemProxy section */

/* Begin PBXFileReference section */
		417C7F0BA78FEA4860422B08 /* Pods.release.xcconfig */ = {isa = PBXFileReference; includeInIndex = 1; lastKnownFileType = text.xcconfig; name = Pods.release.xcconfig; path = "Pods/Target Support Files/Pods/Pods.release.xcconfig"; sourceTree = "<group>"; };
		4904A1B51C526EA200F26E05 /* ValidationService.swift */ = {isa = PBXFileReference; fileEncoding = 4; lastKnownFileType = sourcecode.swift; path = ValidationService.swift; sourceTree = "<group>"; };
		49089CA41C4FA09C00027191 /* ProfileViewModel.swift */ = {isa = PBXFileReference; fileEncoding = 4; lastKnownFileType = sourcecode.swift; path = ProfileViewModel.swift; sourceTree = "<group>"; };
		497B87241C4D152C00A4A32B /* ProfileViewController.swift */ = {isa = PBXFileReference; fileEncoding = 4; lastKnownFileType = sourcecode.swift; path = ProfileViewController.swift; sourceTree = "<group>"; };
		499DD04A1C57964000DABCD5 /* PhotoEditorViewController.swift */ = {isa = PBXFileReference; fileEncoding = 4; lastKnownFileType = sourcecode.swift; path = PhotoEditorViewController.swift; sourceTree = "<group>"; };
		499DD04C1C579A4600DABCD5 /* PhotoEditorModel.swift */ = {isa = PBXFileReference; fileEncoding = 4; lastKnownFileType = sourcecode.swift; path = PhotoEditorModel.swift; sourceTree = "<group>"; };
		499DD04E1C579D3100DABCD5 /* EffectsPickerViewController.swift */ = {isa = PBXFileReference; fileEncoding = 4; lastKnownFileType = sourcecode.swift; path = EffectsPickerViewController.swift; sourceTree = "<group>"; };
		499DD0501C579EF200DABCD5 /* ImageViewController.swift */ = {isa = PBXFileReference; fileEncoding = 4; lastKnownFileType = sourcecode.swift; path = ImageViewController.swift; sourceTree = "<group>"; };
		499DD0521C579F1300DABCD5 /* EffectsPickerModel.swift */ = {isa = PBXFileReference; fileEncoding = 4; lastKnownFileType = sourcecode.swift; path = EffectsPickerModel.swift; sourceTree = "<group>"; };
		499DD0541C57D2D300DABCD5 /* Main.storyboard */ = {isa = PBXFileReference; fileEncoding = 4; lastKnownFileType = file.storyboard; path = Main.storyboard; sourceTree = "<group>"; };
		499DD0561C57DFD100DABCD5 /* ImageViewModel.swift */ = {isa = PBXFileReference; fileEncoding = 4; lastKnownFileType = sourcecode.swift; path = ImageViewModel.swift; sourceTree = "<group>"; };
		49F4156E1C4A591500143E78 /* Ribbon_V2_2011.otf */ = {isa = PBXFileReference; lastKnownFileType = file; path = Ribbon_V2_2011.otf; sourceTree = "<group>"; };
		49F415701C4A791600143E78 /* Scratch Basic.otf */ = {isa = PBXFileReference; lastKnownFileType = file; path = "Scratch Basic.otf"; sourceTree = "<group>"; };
		49F415711C4A791600143E78 /* Scratch Detail.otf */ = {isa = PBXFileReference; lastKnownFileType = file; path = "Scratch Detail.otf"; sourceTree = "<group>"; };
		49F415721C4A7AA600143E78 /* Silverfake.otf */ = {isa = PBXFileReference; lastKnownFileType = file; path = Silverfake.otf; sourceTree = "<group>"; };
		49F415761C4A842F00143E78 /* Assets.xcassets */ = {isa = PBXFileReference; lastKnownFileType = folder.assetcatalog; path = Assets.xcassets; sourceTree = "<group>"; };
		49FE57C51C4E63E500C4B30F /* PostViewCell.xib */ = {isa = PBXFileReference; fileEncoding = 4; lastKnownFileType = file.xib; path = PostViewCell.xib; sourceTree = "<group>"; };
		49FE57CA1C4E66E600C4B30F /* PostViewCell.swift */ = {isa = PBXFileReference; fileEncoding = 4; lastKnownFileType = sourcecode.swift; path = PostViewCell.swift; sourceTree = "<group>"; };
		95199AEA1C4CF6A00086D613 /* FeedViewController.swift */ = {isa = PBXFileReference; fileEncoding = 4; lastKnownFileType = sourcecode.swift; path = FeedViewController.swift; sourceTree = "<group>"; };
		95D6D7AC1C4E5E3B004E2145 /* AuthorizationViewController.swift */ = {isa = PBXFileReference; fileEncoding = 4; lastKnownFileType = sourcecode.swift; path = AuthorizationViewController.swift; sourceTree = "<group>"; };
		95D6D7AE1C4E9036004E2145 /* ImageLoaderService.swift */ = {isa = PBXFileReference; fileEncoding = 4; lastKnownFileType = sourcecode.swift; path = ImageLoaderService.swift; sourceTree = "<group>"; };
		95D6D7B21C50998D004E2145 /* ErrorHandler.swift */ = {isa = PBXFileReference; fileEncoding = 4; lastKnownFileType = sourcecode.swift; path = ErrorHandler.swift; sourceTree = "<group>"; };
		A04F06C86371F8045FB9A166 /* libPods.a */ = {isa = PBXFileReference; explicitFileType = archive.ar; includeInIndex = 0; path = libPods.a; sourceTree = BUILT_PRODUCTS_DIR; };
		F6ED9BB31320F4166A4FFF3C /* Pods.debug.xcconfig */ = {isa = PBXFileReference; includeInIndex = 1; lastKnownFileType = text.xcconfig; name = Pods.debug.xcconfig; path = "Pods/Target Support Files/Pods/Pods.debug.xcconfig"; sourceTree = "<group>"; };
		FD12C1041C5185EE006F99FD /* FBAuthorization.swift */ = {isa = PBXFileReference; fileEncoding = 4; lastKnownFileType = sourcecode.swift; path = FBAuthorization.swift; sourceTree = "<group>"; };
		FD6C17BC1C49506100A01715 /* Constants.swift */ = {isa = PBXFileReference; fileEncoding = 4; lastKnownFileType = sourcecode.swift; path = Constants.swift; sourceTree = "<group>"; };
		FD6C17C01C49540A00A01715 /* UserModel.swift */ = {isa = PBXFileReference; fileEncoding = 4; lastKnownFileType = sourcecode.swift; path = UserModel.swift; sourceTree = "<group>"; };
		FD8EFA061C4FDCCC00B1C021 /* EditProfileViewController.swift */ = {isa = PBXFileReference; fileEncoding = 4; lastKnownFileType = sourcecode.swift; path = EditProfileViewController.swift; sourceTree = "<group>"; };
		FDAF466E1C47E8AA008060CD /* P-effect.app */ = {isa = PBXFileReference; explicitFileType = wrapper.application; includeInIndex = 0; path = "P-effect.app"; sourceTree = BUILT_PRODUCTS_DIR; };
		FDAF467D1C47E8AA008060CD /* Info.plist */ = {isa = PBXFileReference; lastKnownFileType = text.plist.xml; name = Info.plist; path = ../Info.plist; sourceTree = "<group>"; };
		FDAF46821C47E8AB008060CD /* P-effectTests.xctest */ = {isa = PBXFileReference; explicitFileType = wrapper.cfbundle; includeInIndex = 0; path = "P-effectTests.xctest"; sourceTree = BUILT_PRODUCTS_DIR; };
		FDAF468D1C47E8AB008060CD /* P-effectUITests.xctest */ = {isa = PBXFileReference; explicitFileType = wrapper.cfbundle; includeInIndex = 0; path = "P-effectUITests.xctest"; sourceTree = BUILT_PRODUCTS_DIR; };
		FDAF46A01C49369E008060CD /* AppDelegate.swift */ = {isa = PBXFileReference; fileEncoding = 4; lastKnownFileType = sourcecode.swift; path = AppDelegate.swift; sourceTree = "<group>"; };
		FDAF46B61C493871008060CD /* P-effect-Bridging-Header.h */ = {isa = PBXFileReference; lastKnownFileType = sourcecode.c.h; path = "P-effect-Bridging-Header.h"; sourceTree = "<group>"; };
		FDD0F0AD1C4E528700331799 /* AlertService.swift */ = {isa = PBXFileReference; fileEncoding = 4; lastKnownFileType = sourcecode.swift; path = AlertService.swift; sourceTree = "<group>"; };
		FDD0F0AE1C4E528700331799 /* AuthService.swift */ = {isa = PBXFileReference; fileEncoding = 4; lastKnownFileType = sourcecode.swift; path = AuthService.swift; sourceTree = "<group>"; };
		FDD0F0AF1C4E528700331799 /* LoaderService.swift */ = {isa = PBXFileReference; fileEncoding = 4; lastKnownFileType = sourcecode.swift; path = LoaderService.swift; sourceTree = "<group>"; };
		FDD0F0B01C4E528700331799 /* PhotoGenerator.swift */ = {isa = PBXFileReference; fileEncoding = 4; lastKnownFileType = sourcecode.swift; path = PhotoGenerator.swift; sourceTree = "<group>"; };
		FDD0F0B11C4E528700331799 /* Router.swift */ = {isa = PBXFileReference; fileEncoding = 4; lastKnownFileType = sourcecode.swift; path = Router.swift; sourceTree = "<group>"; };
		FDD0F0B21C4E528700331799 /* SaverService.swift */ = {isa = PBXFileReference; fileEncoding = 4; lastKnownFileType = sourcecode.swift; path = SaverService.swift; sourceTree = "<group>"; };
		FDD0F0B91C4E52DD00331799 /* PostDataSource.swift */ = {isa = PBXFileReference; fileEncoding = 4; lastKnownFileType = sourcecode.swift; path = PostDataSource.swift; sourceTree = "<group>"; };
		FDD0F0BB1C4E52F300331799 /* Post.swift */ = {isa = PBXFileReference; fileEncoding = 4; lastKnownFileType = sourcecode.swift; path = Post.swift; sourceTree = "<group>"; };
		FDD0F0BD1C4E531000331799 /* PostModel.swift */ = {isa = PBXFileReference; fileEncoding = 4; lastKnownFileType = sourcecode.swift; path = PostModel.swift; sourceTree = "<group>"; };
		FDD0F0BF1C4E535900331799 /* Reachability.swift */ = {isa = PBXFileReference; fileEncoding = 4; lastKnownFileType = sourcecode.swift; path = Reachability.swift; sourceTree = "<group>"; };
		FDE508D31C49482F003C772B /* User.swift */ = {isa = PBXFileReference; fileEncoding = 4; lastKnownFileType = sourcecode.swift; path = User.swift; sourceTree = "<group>"; };
/* End PBXFileReference section */

/* Begin PBXFrameworksBuildPhase section */
		FDAF466B1C47E8AA008060CD /* Frameworks */ = {
			isa = PBXFrameworksBuildPhase;
			buildActionMask = 2147483647;
			files = (
				72E90D0CC3A1E19B4A1E73D1 /* libPods.a in Frameworks */,
			);
			runOnlyForDeploymentPostprocessing = 0;
		};
		FDAF467F1C47E8AB008060CD /* Frameworks */ = {
			isa = PBXFrameworksBuildPhase;
			buildActionMask = 2147483647;
			files = (
			);
			runOnlyForDeploymentPostprocessing = 0;
		};
		FDAF468A1C47E8AB008060CD /* Frameworks */ = {
			isa = PBXFrameworksBuildPhase;
			buildActionMask = 2147483647;
			files = (
			);
			runOnlyForDeploymentPostprocessing = 0;
		};
/* End PBXFrameworksBuildPhase section */

/* Begin PBXGroup section */
		468733C5E0D7CEB26FEA9271 /* Frameworks */ = {
			isa = PBXGroup;
			children = (
				A04F06C86371F8045FB9A166 /* libPods.a */,
			);
			name = Frameworks;
			sourceTree = "<group>";
		};
		49F4156D1C4A591500143E78 /* Fonts */ = {
			isa = PBXGroup;
			children = (
				49F415721C4A7AA600143E78 /* Silverfake.otf */,
				49F415701C4A791600143E78 /* Scratch Basic.otf */,
				49F415711C4A791600143E78 /* Scratch Detail.otf */,
				49F4156E1C4A591500143E78 /* Ribbon_V2_2011.otf */,
			);
			path = Fonts;
			sourceTree = "<group>";
		};
		49FE57C31C4E63E500C4B30F /* View */ = {
			isa = PBXGroup;
			children = (
				49FE57CA1C4E66E600C4B30F /* PostViewCell.swift */,
				49FE57C51C4E63E500C4B30F /* PostViewCell.xib */,
			);
			path = View;
			sourceTree = "<group>";
		};
		F84ED9858785A5DACC7DD377 /* Pods */ = {
			isa = PBXGroup;
			children = (
				F6ED9BB31320F4166A4FFF3C /* Pods.debug.xcconfig */,
				417C7F0BA78FEA4860422B08 /* Pods.release.xcconfig */,
			);
			name = Pods;
			sourceTree = "<group>";
		};
		FDAF46651C47E8AA008060CD = {
			isa = PBXGroup;
			children = (
				FDAF46701C47E8AA008060CD /* P-effect */,
				FDAF466F1C47E8AA008060CD /* Products */,
				F84ED9858785A5DACC7DD377 /* Pods */,
				468733C5E0D7CEB26FEA9271 /* Frameworks */,
			);
			sourceTree = "<group>";
		};
		FDAF466F1C47E8AA008060CD /* Products */ = {
			isa = PBXGroup;
			children = (
				FDAF466E1C47E8AA008060CD /* P-effect.app */,
				FDAF46821C47E8AB008060CD /* P-effectTests.xctest */,
				FDAF468D1C47E8AB008060CD /* P-effectUITests.xctest */,
			);
			name = Products;
			sourceTree = "<group>";
		};
		FDAF46701C47E8AA008060CD /* P-effect */ = {
			isa = PBXGroup;
			children = (
				FDAF46B61C493871008060CD /* P-effect-Bridging-Header.h */,
				FDAF469F1C49369E008060CD /* AppDelegate */,
				FDAF46A11C49369E008060CD /* Classes */,
				FDAF46A71C49369E008060CD /* Misc */,
				FDAF46AB1C49369E008060CD /* ThirdPartyLibs */,
				FDAF46AA1C49369E008060CD /* Resources */,
			);
			path = "P-effect";
			sourceTree = "<group>";
		};
		FDAF469F1C49369E008060CD /* AppDelegate */ = {
			isa = PBXGroup;
			children = (
				FDAF46A01C49369E008060CD /* AppDelegate.swift */,
			);
			path = AppDelegate;
			sourceTree = "<group>";
		};
		FDAF46A11C49369E008060CD /* Classes */ = {
			isa = PBXGroup;
			children = (
				FDAF46A21C49369E008060CD /* DTO */,
				FDAF46A31C49369E008060CD /* Model */,
				FDAF46A41C49369E008060CD /* Service */,
				49FE57C31C4E63E500C4B30F /* View */,
				FDAF46A61C49369E008060CD /* ViewModel */,
				FDAF46A51C49369E008060CD /* ViewController */,
			);
			path = Classes;
			sourceTree = "<group>";
		};
		FDAF46A21C49369E008060CD /* DTO */ = {
			isa = PBXGroup;
			children = (
				FDD0F0BB1C4E52F300331799 /* Post.swift */,
				FDE508D31C49482F003C772B /* User.swift */,
			);
			path = DTO;
			sourceTree = "<group>";
		};
		FDAF46A31C49369E008060CD /* Model */ = {
			isa = PBXGroup;
			children = (
				FD6C17C01C49540A00A01715 /* UserModel.swift */,
				FDD0F0BD1C4E531000331799 /* PostModel.swift */,
			);
			path = Model;
			sourceTree = "<group>";
		};
		FDAF46A41C49369E008060CD /* Service */ = {
			isa = PBXGroup;
			children = (
				FDD0F0AD1C4E528700331799 /* AlertService.swift */,
				FDD0F0AE1C4E528700331799 /* AuthService.swift */,
				FDD0F0AF1C4E528700331799 /* LoaderService.swift */,
				FDD0F0B01C4E528700331799 /* PhotoGenerator.swift */,
				FDD0F0B11C4E528700331799 /* Router.swift */,
				FDD0F0B21C4E528700331799 /* SaverService.swift */,
				95D6D7AE1C4E9036004E2145 /* ImageLoaderService.swift */,
				95D6D7B21C50998D004E2145 /* ErrorHandler.swift */,
				4904A1B51C526EA200F26E05 /* ValidationService.swift */,
				FD12C1041C5185EE006F99FD /* FBAuthorization.swift */,
			);
			path = Service;
			sourceTree = "<group>";
		};
		FDAF46A51C49369E008060CD /* ViewController */ = {
			isa = PBXGroup;
			children = (
				499DD04A1C57964000DABCD5 /* PhotoEditorViewController.swift */,
				497B87241C4D152C00A4A32B /* ProfileViewController.swift */,
				95199AEA1C4CF6A00086D613 /* FeedViewController.swift */,
				95D6D7AC1C4E5E3B004E2145 /* AuthorizationViewController.swift */,
				FD8EFA061C4FDCCC00B1C021 /* EditProfileViewController.swift */,
				499DD04E1C579D3100DABCD5 /* EffectsPickerViewController.swift */,
				499DD0501C579EF200DABCD5 /* ImageViewController.swift */,
			);
			path = ViewController;
			sourceTree = "<group>";
		};
		FDAF46A61C49369E008060CD /* ViewModel */ = {
			isa = PBXGroup;
			children = (
				FDD0F0B91C4E52DD00331799 /* PostDataSource.swift */,
				49089CA41C4FA09C00027191 /* ProfileViewModel.swift */,
				499DD04C1C579A4600DABCD5 /* PhotoEditorModel.swift */,
				499DD0521C579F1300DABCD5 /* EffectsPickerModel.swift */,
				499DD0561C57DFD100DABCD5 /* ImageViewModel.swift */,
			);
			path = ViewModel;
			sourceTree = "<group>";
		};
		FDAF46A71C49369E008060CD /* Misc */ = {
			isa = PBXGroup;
			children = (
				FDAF46A81C49369E008060CD /* Categories */,
				FDAF46A91C49369E008060CD /* Protocols */,
			);
			path = Misc;
			sourceTree = "<group>";
		};
		FDAF46A81C49369E008060CD /* Categories */ = {
			isa = PBXGroup;
			children = (
			);
			path = Categories;
			sourceTree = "<group>";
		};
		FDAF46A91C49369E008060CD /* Protocols */ = {
			isa = PBXGroup;
			children = (
			);
			path = Protocols;
			sourceTree = "<group>";
		};
		FDAF46AA1C49369E008060CD /* Resources */ = {
			isa = PBXGroup;
			children = (
				49F4156D1C4A591500143E78 /* Fonts */,
				FDAF46AE1C4936CA008060CD /* Images */,
				FDAF46AF1C4936CA008060CD /* Storyboards */,
				FD6C17BC1C49506100A01715 /* Constants.swift */,
				FDAF467D1C47E8AA008060CD /* Info.plist */,
			);
			path = Resources;
			sourceTree = "<group>";
		};
		FDAF46AB1C49369E008060CD /* ThirdPartyLibs */ = {
			isa = PBXGroup;
			children = (
				FDD0F0BF1C4E535900331799 /* Reachability.swift */,
			);
			path = ThirdPartyLibs;
			sourceTree = "<group>";
		};
		FDAF46AE1C4936CA008060CD /* Images */ = {
			isa = PBXGroup;
			children = (
				49F415761C4A842F00143E78 /* Assets.xcassets */,
			);
			path = Images;
			sourceTree = "<group>";
		};
		FDAF46AF1C4936CA008060CD /* Storyboards */ = {
			isa = PBXGroup;
			children = (
				499DD0541C57D2D300DABCD5 /* Main.storyboard */,
			);
			path = Storyboards;
			sourceTree = "<group>";
		};
/* End PBXGroup section */

/* Begin PBXNativeTarget section */
		FDAF466D1C47E8AA008060CD /* P-effect */ = {
			isa = PBXNativeTarget;
			buildConfigurationList = FDAF46961C47E8AB008060CD /* Build configuration list for PBXNativeTarget "P-effect" */;
			buildPhases = (
				C1CB40DCC9F3A2B255CC44C3 /* Check Pods Manifest.lock */,
				FDAF466A1C47E8AA008060CD /* Sources */,
				FDAF466B1C47E8AA008060CD /* Frameworks */,
				FDAF466C1C47E8AA008060CD /* Resources */,
				FBE582243B45C74004DF8596 /* Embed Pods Frameworks */,
				178C03CD58BE5F6D86B590AC /* Copy Pods Resources */,
			);
			buildRules = (
			);
			dependencies = (
			);
			name = "P-effect";
			productName = "P-effect";
			productReference = FDAF466E1C47E8AA008060CD /* P-effect.app */;
			productType = "com.apple.product-type.application";
		};
		FDAF46811C47E8AB008060CD /* P-effectTests */ = {
			isa = PBXNativeTarget;
			buildConfigurationList = FDAF46991C47E8AB008060CD /* Build configuration list for PBXNativeTarget "P-effectTests" */;
			buildPhases = (
				FDAF467E1C47E8AB008060CD /* Sources */,
				FDAF467F1C47E8AB008060CD /* Frameworks */,
				FDAF46801C47E8AB008060CD /* Resources */,
			);
			buildRules = (
			);
			dependencies = (
				FDAF46841C47E8AB008060CD /* PBXTargetDependency */,
			);
			name = "P-effectTests";
			productName = "P-effectTests";
			productReference = FDAF46821C47E8AB008060CD /* P-effectTests.xctest */;
			productType = "com.apple.product-type.bundle.unit-test";
		};
		FDAF468C1C47E8AB008060CD /* P-effectUITests */ = {
			isa = PBXNativeTarget;
			buildConfigurationList = FDAF469C1C47E8AB008060CD /* Build configuration list for PBXNativeTarget "P-effectUITests" */;
			buildPhases = (
				FDAF46891C47E8AB008060CD /* Sources */,
				FDAF468A1C47E8AB008060CD /* Frameworks */,
				FDAF468B1C47E8AB008060CD /* Resources */,
			);
			buildRules = (
			);
			dependencies = (
				FDAF468F1C47E8AB008060CD /* PBXTargetDependency */,
			);
			name = "P-effectUITests";
			productName = "P-effectUITests";
			productReference = FDAF468D1C47E8AB008060CD /* P-effectUITests.xctest */;
			productType = "com.apple.product-type.bundle.ui-testing";
		};
/* End PBXNativeTarget section */

/* Begin PBXProject section */
		FDAF46661C47E8AA008060CD /* Project object */ = {
			isa = PBXProject;
			attributes = {
				LastSwiftUpdateCheck = 0720;
				LastUpgradeCheck = 0720;
				ORGANIZATIONNAME = Yalantis;
				TargetAttributes = {
					FDAF466D1C47E8AA008060CD = {
						CreatedOnToolsVersion = 7.2;
						DevelopmentTeam = UCN646ZLE7;
					};
					FDAF46811C47E8AB008060CD = {
						CreatedOnToolsVersion = 7.2;
						DevelopmentTeam = UCN646ZLE7;
						TestTargetID = FDAF466D1C47E8AA008060CD;
					};
					FDAF468C1C47E8AB008060CD = {
						CreatedOnToolsVersion = 7.2;
						DevelopmentTeam = UCN646ZLE7;
						TestTargetID = FDAF466D1C47E8AA008060CD;
					};
				};
			};
			buildConfigurationList = FDAF46691C47E8AA008060CD /* Build configuration list for PBXProject "P-effect" */;
			compatibilityVersion = "Xcode 3.2";
			developmentRegion = English;
			hasScannedForEncodings = 0;
			knownRegions = (
				en,
				Base,
			);
			mainGroup = FDAF46651C47E8AA008060CD;
			productRefGroup = FDAF466F1C47E8AA008060CD /* Products */;
			projectDirPath = "";
			projectRoot = "";
			targets = (
				FDAF466D1C47E8AA008060CD /* P-effect */,
				FDAF46811C47E8AB008060CD /* P-effectTests */,
				FDAF468C1C47E8AB008060CD /* P-effectUITests */,
			);
		};
/* End PBXProject section */

/* Begin PBXResourcesBuildPhase section */
		FDAF466C1C47E8AA008060CD /* Resources */ = {
			isa = PBXResourcesBuildPhase;
			buildActionMask = 2147483647;
			files = (
				499DD0551C57D2D300DABCD5 /* Main.storyboard in Resources */,
				49F415731C4A7AD200143E78 /* Silverfake.otf in Resources */,
				49F415741C4A7AD200143E78 /* Scratch Basic.otf in Resources */,
				49FE57C71C4E63E500C4B30F /* PostViewCell.xib in Resources */,
				49F415751C4A7AD200143E78 /* Scratch Detail.otf in Resources */,
				49F415771C4A842F00143E78 /* Assets.xcassets in Resources */,
				49F4156F1C4A591500143E78 /* Ribbon_V2_2011.otf in Resources */,
			);
			runOnlyForDeploymentPostprocessing = 0;
		};
		FDAF46801C47E8AB008060CD /* Resources */ = {
			isa = PBXResourcesBuildPhase;
			buildActionMask = 2147483647;
			files = (
			);
			runOnlyForDeploymentPostprocessing = 0;
		};
		FDAF468B1C47E8AB008060CD /* Resources */ = {
			isa = PBXResourcesBuildPhase;
			buildActionMask = 2147483647;
			files = (
			);
			runOnlyForDeploymentPostprocessing = 0;
		};
/* End PBXResourcesBuildPhase section */

/* Begin PBXShellScriptBuildPhase section */
		178C03CD58BE5F6D86B590AC /* Copy Pods Resources */ = {
			isa = PBXShellScriptBuildPhase;
			buildActionMask = 2147483647;
			files = (
			);
			inputPaths = (
			);
			name = "Copy Pods Resources";
			outputPaths = (
			);
			runOnlyForDeploymentPostprocessing = 0;
			shellPath = /bin/sh;
			shellScript = "\"${SRCROOT}/Pods/Target Support Files/Pods/Pods-resources.sh\"\n";
			showEnvVarsInLog = 0;
		};
		C1CB40DCC9F3A2B255CC44C3 /* Check Pods Manifest.lock */ = {
			isa = PBXShellScriptBuildPhase;
			buildActionMask = 2147483647;
			files = (
			);
			inputPaths = (
			);
			name = "Check Pods Manifest.lock";
			outputPaths = (
			);
			runOnlyForDeploymentPostprocessing = 0;
			shellPath = /bin/sh;
			shellScript = "diff \"${PODS_ROOT}/../Podfile.lock\" \"${PODS_ROOT}/Manifest.lock\" > /dev/null\nif [[ $? != 0 ]] ; then\n    cat << EOM\nerror: The sandbox is not in sync with the Podfile.lock. Run 'pod install' or update your CocoaPods installation.\nEOM\n    exit 1\nfi\n";
			showEnvVarsInLog = 0;
		};
		FBE582243B45C74004DF8596 /* Embed Pods Frameworks */ = {
			isa = PBXShellScriptBuildPhase;
			buildActionMask = 2147483647;
			files = (
			);
			inputPaths = (
			);
			name = "Embed Pods Frameworks";
			outputPaths = (
			);
			runOnlyForDeploymentPostprocessing = 0;
			shellPath = /bin/sh;
			shellScript = "\"${SRCROOT}/Pods/Target Support Files/Pods/Pods-frameworks.sh\"\n";
			showEnvVarsInLog = 0;
		};
/* End PBXShellScriptBuildPhase section */

/* Begin PBXSourcesBuildPhase section */
		FDAF466A1C47E8AA008060CD /* Sources */ = {
			isa = PBXSourcesBuildPhase;
			buildActionMask = 2147483647;
			files = (
				FD12C1051C5185EE006F99FD /* FBAuthorization.swift in Sources */,
				FD8EFA071C4FDCCC00B1C021 /* EditProfileViewController.swift in Sources */,
				499DD0531C579F1300DABCD5 /* EffectsPickerModel.swift in Sources */,
				499DD04B1C57964000DABCD5 /* PhotoEditorViewController.swift in Sources */,
				499DD04D1C579A4600DABCD5 /* PhotoEditorModel.swift in Sources */,
				49FE57CB1C4E66E600C4B30F /* PostViewCell.swift in Sources */,
				499DD04F1C579D3100DABCD5 /* EffectsPickerViewController.swift in Sources */,
				FDD0F0B71C4E528700331799 /* Router.swift in Sources */,
				FDD0F0BE1C4E531000331799 /* PostModel.swift in Sources */,
				FDE508D41C49482F003C772B /* User.swift in Sources */,
				497B87251C4D152C00A4A32B /* ProfileViewController.swift in Sources */,
				499DD0511C579EF200DABCD5 /* ImageViewController.swift in Sources */,
				FDD0F0B81C4E528700331799 /* SaverService.swift in Sources */,
				FDD0F0B51C4E528700331799 /* LoaderService.swift in Sources */,
				FDD0F0BC1C4E52F300331799 /* Post.swift in Sources */,
				FDD0F0B31C4E528700331799 /* AlertService.swift in Sources */,
				95D6D7AD1C4E5E3B004E2145 /* AuthorizationViewController.swift in Sources */,
				FDD0F0B61C4E528700331799 /* PhotoGenerator.swift in Sources */,
				95D6D7AF1C4E9036004E2145 /* ImageLoaderService.swift in Sources */,
				FDAF46AC1C49369E008060CD /* AppDelegate.swift in Sources */,
				FD6C17C11C49540A00A01715 /* UserModel.swift in Sources */,
				4904A1B61C526EA200F26E05 /* ValidationService.swift in Sources */,
				95D6D7B31C50998D004E2145 /* ErrorHandler.swift in Sources */,
				49089CA51C4FA09C00027191 /* ProfileViewModel.swift in Sources */,
				499DD0571C57DFD100DABCD5 /* ImageViewModel.swift in Sources */,
				FD6C17BD1C49506100A01715 /* Constants.swift in Sources */,
				95199AEB1C4CF6A00086D613 /* FeedViewController.swift in Sources */,
				FDD0F0BA1C4E52DD00331799 /* PostDataSource.swift in Sources */,
				FDD0F0C01C4E535900331799 /* Reachability.swift in Sources */,
				FDD0F0B41C4E528700331799 /* AuthService.swift in Sources */,
			);
			runOnlyForDeploymentPostprocessing = 0;
		};
		FDAF467E1C47E8AB008060CD /* Sources */ = {
			isa = PBXSourcesBuildPhase;
			buildActionMask = 2147483647;
			files = (
			);
			runOnlyForDeploymentPostprocessing = 0;
		};
		FDAF46891C47E8AB008060CD /* Sources */ = {
			isa = PBXSourcesBuildPhase;
			buildActionMask = 2147483647;
			files = (
			);
			runOnlyForDeploymentPostprocessing = 0;
		};
/* End PBXSourcesBuildPhase section */

/* Begin PBXTargetDependency section */
		FDAF46841C47E8AB008060CD /* PBXTargetDependency */ = {
			isa = PBXTargetDependency;
			target = FDAF466D1C47E8AA008060CD /* P-effect */;
			targetProxy = FDAF46831C47E8AB008060CD /* PBXContainerItemProxy */;
		};
		FDAF468F1C47E8AB008060CD /* PBXTargetDependency */ = {
			isa = PBXTargetDependency;
			target = FDAF466D1C47E8AA008060CD /* P-effect */;
			targetProxy = FDAF468E1C47E8AB008060CD /* PBXContainerItemProxy */;
		};
/* End PBXTargetDependency section */

/* Begin XCBuildConfiguration section */
		FDAF46941C47E8AB008060CD /* Debug */ = {
			isa = XCBuildConfiguration;
			buildSettings = {
				ALWAYS_SEARCH_USER_PATHS = NO;
				CLANG_CXX_LANGUAGE_STANDARD = "gnu++0x";
				CLANG_CXX_LIBRARY = "libc++";
				CLANG_ENABLE_MODULES = YES;
				CLANG_ENABLE_OBJC_ARC = YES;
				CLANG_WARN_BOOL_CONVERSION = YES;
				CLANG_WARN_CONSTANT_CONVERSION = YES;
				CLANG_WARN_DIRECT_OBJC_ISA_USAGE = YES_ERROR;
				CLANG_WARN_EMPTY_BODY = YES;
				CLANG_WARN_ENUM_CONVERSION = YES;
				CLANG_WARN_INT_CONVERSION = YES;
				CLANG_WARN_OBJC_ROOT_CLASS = YES_ERROR;
				CLANG_WARN_UNREACHABLE_CODE = YES;
				CLANG_WARN__DUPLICATE_METHOD_MATCH = YES;
				CODE_SIGN_IDENTITY = "iPhone Developer: Sergiy Fesenko (Y8JZQ7JQ9A)";
				"CODE_SIGN_IDENTITY[sdk=iphoneos*]" = "iPhone Developer: Sergiy Fesenko (Y8JZQ7JQ9A)";
				COPY_PHASE_STRIP = NO;
				DEBUG_INFORMATION_FORMAT = dwarf;
				ENABLE_STRICT_OBJC_MSGSEND = YES;
				ENABLE_TESTABILITY = YES;
				GCC_C_LANGUAGE_STANDARD = gnu99;
				GCC_DYNAMIC_NO_PIC = NO;
				GCC_NO_COMMON_BLOCKS = YES;
				GCC_OPTIMIZATION_LEVEL = 0;
				GCC_PREPROCESSOR_DEFINITIONS = (
					"DEBUG=1",
					"$(inherited)",
				);
				GCC_WARN_64_TO_32_BIT_CONVERSION = YES;
				GCC_WARN_ABOUT_RETURN_TYPE = YES_ERROR;
				GCC_WARN_UNDECLARED_SELECTOR = YES;
				GCC_WARN_UNINITIALIZED_AUTOS = YES_AGGRESSIVE;
				GCC_WARN_UNUSED_FUNCTION = YES;
				GCC_WARN_UNUSED_VARIABLE = YES;
				IPHONEOS_DEPLOYMENT_TARGET = 9.2;
				MTL_ENABLE_DEBUG_INFO = YES;
				ONLY_ACTIVE_ARCH = YES;
				PROVISIONING_PROFILE = "87c0650f-dcbc-4144-b65c-452758d6e7ca";
				SDKROOT = iphoneos;
				SWIFT_OPTIMIZATION_LEVEL = "-Onone";
				TARGETED_DEVICE_FAMILY = "1,2";
			};
			name = Debug;
		};
		FDAF46951C47E8AB008060CD /* Release */ = {
			isa = XCBuildConfiguration;
			buildSettings = {
				ALWAYS_SEARCH_USER_PATHS = NO;
				CLANG_CXX_LANGUAGE_STANDARD = "gnu++0x";
				CLANG_CXX_LIBRARY = "libc++";
				CLANG_ENABLE_MODULES = YES;
				CLANG_ENABLE_OBJC_ARC = YES;
				CLANG_WARN_BOOL_CONVERSION = YES;
				CLANG_WARN_CONSTANT_CONVERSION = YES;
				CLANG_WARN_DIRECT_OBJC_ISA_USAGE = YES_ERROR;
				CLANG_WARN_EMPTY_BODY = YES;
				CLANG_WARN_ENUM_CONVERSION = YES;
				CLANG_WARN_INT_CONVERSION = YES;
				CLANG_WARN_OBJC_ROOT_CLASS = YES_ERROR;
				CLANG_WARN_UNREACHABLE_CODE = YES;
				CLANG_WARN__DUPLICATE_METHOD_MATCH = YES;
				CODE_SIGN_IDENTITY = "iPhone Developer: Sergiy Fesenko (Y8JZQ7JQ9A)";
				"CODE_SIGN_IDENTITY[sdk=iphoneos*]" = "iPhone Developer: Sergiy Fesenko (Y8JZQ7JQ9A)";
				COPY_PHASE_STRIP = NO;
				DEBUG_INFORMATION_FORMAT = "dwarf-with-dsym";
				ENABLE_NS_ASSERTIONS = NO;
				ENABLE_STRICT_OBJC_MSGSEND = YES;
				GCC_C_LANGUAGE_STANDARD = gnu99;
				GCC_NO_COMMON_BLOCKS = YES;
				GCC_WARN_64_TO_32_BIT_CONVERSION = YES;
				GCC_WARN_ABOUT_RETURN_TYPE = YES_ERROR;
				GCC_WARN_UNDECLARED_SELECTOR = YES;
				GCC_WARN_UNINITIALIZED_AUTOS = YES_AGGRESSIVE;
				GCC_WARN_UNUSED_FUNCTION = YES;
				GCC_WARN_UNUSED_VARIABLE = YES;
				IPHONEOS_DEPLOYMENT_TARGET = 9.2;
				MTL_ENABLE_DEBUG_INFO = NO;
				PROVISIONING_PROFILE = "87c0650f-dcbc-4144-b65c-452758d6e7ca";
				SDKROOT = iphoneos;
				SWIFT_OPTIMIZATION_LEVEL = "-O";
				TARGETED_DEVICE_FAMILY = "1,2";
				VALIDATE_PRODUCT = YES;
			};
			name = Release;
		};
		FDAF46971C47E8AB008060CD /* Debug */ = {
			isa = XCBuildConfiguration;
			baseConfigurationReference = F6ED9BB31320F4166A4FFF3C /* Pods.debug.xcconfig */;
			buildSettings = {
				ASSETCATALOG_COMPILER_APPICON_NAME = AppIcon;
				ASSETCATALOG_COMPILER_LAUNCHIMAGE_NAME = LaunchImage;
				CLANG_ENABLE_MODULES = YES;
				CODE_SIGN_IDENTITY = "iPhone Developer: Sergiy Fesenko (Y8JZQ7JQ9A)";
				"CODE_SIGN_IDENTITY[sdk=iphoneos*]" = "iPhone Developer: Sergiy Fesenko (Y8JZQ7JQ9A)";
				EMBEDDED_CONTENT_CONTAINS_SWIFT = YES;
				INFOPLIST_FILE = "P-effect/Info.plist";
				IPHONEOS_DEPLOYMENT_TARGET = 9.0;
				LD_RUNPATH_SEARCH_PATHS = "$(inherited) @executable_path/Frameworks";
				PRODUCT_BUNDLE_IDENTIFIER = "com.yalantis.P-effect";
				PRODUCT_NAME = "$(TARGET_NAME)";
				PROVISIONING_PROFILE = "87c0650f-dcbc-4144-b65c-452758d6e7ca";
				SWIFT_OBJC_BRIDGING_HEADER = "P-effect/P-effect-Bridging-Header.h";
				SWIFT_OPTIMIZATION_LEVEL = "-Onone";
			};
			name = Debug;
		};
		FDAF46981C47E8AB008060CD /* Release */ = {
			isa = XCBuildConfiguration;
			baseConfigurationReference = 417C7F0BA78FEA4860422B08 /* Pods.release.xcconfig */;
			buildSettings = {
				ASSETCATALOG_COMPILER_APPICON_NAME = AppIcon;
				ASSETCATALOG_COMPILER_LAUNCHIMAGE_NAME = LaunchImage;
				CLANG_ENABLE_MODULES = YES;
				CODE_SIGN_IDENTITY = "iPhone Developer: Sergiy Fesenko (Y8JZQ7JQ9A)";
				"CODE_SIGN_IDENTITY[sdk=iphoneos*]" = "iPhone Developer: Sergiy Fesenko (Y8JZQ7JQ9A)";
				EMBEDDED_CONTENT_CONTAINS_SWIFT = YES;
				INFOPLIST_FILE = "P-effect/Info.plist";
				IPHONEOS_DEPLOYMENT_TARGET = 9.0;
				LD_RUNPATH_SEARCH_PATHS = "$(inherited) @executable_path/Frameworks";
				PRODUCT_BUNDLE_IDENTIFIER = "com.yalantis.P-effect";
				PRODUCT_NAME = "$(TARGET_NAME)";
				PROVISIONING_PROFILE = "87c0650f-dcbc-4144-b65c-452758d6e7ca";
				SWIFT_OBJC_BRIDGING_HEADER = "P-effect/P-effect-Bridging-Header.h";
			};
			name = Release;
		};
		FDAF469A1C47E8AB008060CD /* Debug */ = {
			isa = XCBuildConfiguration;
			buildSettings = {
				BUNDLE_LOADER = "$(TEST_HOST)";
				INFOPLIST_FILE = "P-effectTests/Info.plist";
				LD_RUNPATH_SEARCH_PATHS = "$(inherited) @executable_path/Frameworks @loader_path/Frameworks";
				PRODUCT_BUNDLE_IDENTIFIER = "Yal.P-effectTests";
				PRODUCT_NAME = "$(TARGET_NAME)";
				TEST_HOST = "$(BUILT_PRODUCTS_DIR)/P-effect.app/P-effect";
			};
			name = Debug;
		};
		FDAF469B1C47E8AB008060CD /* Release */ = {
			isa = XCBuildConfiguration;
			buildSettings = {
				BUNDLE_LOADER = "$(TEST_HOST)";
				INFOPLIST_FILE = "P-effectTests/Info.plist";
				LD_RUNPATH_SEARCH_PATHS = "$(inherited) @executable_path/Frameworks @loader_path/Frameworks";
				PRODUCT_BUNDLE_IDENTIFIER = "Yal.P-effectTests";
				PRODUCT_NAME = "$(TARGET_NAME)";
				TEST_HOST = "$(BUILT_PRODUCTS_DIR)/P-effect.app/P-effect";
			};
			name = Release;
		};
		FDAF469D1C47E8AB008060CD /* Debug */ = {
			isa = XCBuildConfiguration;
			buildSettings = {
				INFOPLIST_FILE = "P-effectUITests/Info.plist";
				LD_RUNPATH_SEARCH_PATHS = "$(inherited) @executable_path/Frameworks @loader_path/Frameworks";
				PRODUCT_BUNDLE_IDENTIFIER = "Yal.P-effectUITests";
				PRODUCT_NAME = "$(TARGET_NAME)";
				TEST_TARGET_NAME = "P-effect";
				USES_XCTRUNNER = YES;
			};
			name = Debug;
		};
		FDAF469E1C47E8AB008060CD /* Release */ = {
			isa = XCBuildConfiguration;
			buildSettings = {
				INFOPLIST_FILE = "P-effectUITests/Info.plist";
				LD_RUNPATH_SEARCH_PATHS = "$(inherited) @executable_path/Frameworks @loader_path/Frameworks";
				PRODUCT_BUNDLE_IDENTIFIER = "Yal.P-effectUITests";
				PRODUCT_NAME = "$(TARGET_NAME)";
				TEST_TARGET_NAME = "P-effect";
				USES_XCTRUNNER = YES;
			};
			name = Release;
		};
/* End XCBuildConfiguration section */

/* Begin XCConfigurationList section */
		FDAF46691C47E8AA008060CD /* Build configuration list for PBXProject "P-effect" */ = {
			isa = XCConfigurationList;
			buildConfigurations = (
				FDAF46941C47E8AB008060CD /* Debug */,
				FDAF46951C47E8AB008060CD /* Release */,
			);
			defaultConfigurationIsVisible = 0;
			defaultConfigurationName = Release;
		};
		FDAF46961C47E8AB008060CD /* Build configuration list for PBXNativeTarget "P-effect" */ = {
			isa = XCConfigurationList;
			buildConfigurations = (
				FDAF46971C47E8AB008060CD /* Debug */,
				FDAF46981C47E8AB008060CD /* Release */,
			);
			defaultConfigurationIsVisible = 0;
			defaultConfigurationName = Release;
		};
		FDAF46991C47E8AB008060CD /* Build configuration list for PBXNativeTarget "P-effectTests" */ = {
			isa = XCConfigurationList;
			buildConfigurations = (
				FDAF469A1C47E8AB008060CD /* Debug */,
				FDAF469B1C47E8AB008060CD /* Release */,
			);
			defaultConfigurationIsVisible = 0;
			defaultConfigurationName = Release;
		};
		FDAF469C1C47E8AB008060CD /* Build configuration list for PBXNativeTarget "P-effectUITests" */ = {
			isa = XCConfigurationList;
			buildConfigurations = (
				FDAF469D1C47E8AB008060CD /* Debug */,
				FDAF469E1C47E8AB008060CD /* Release */,
			);
			defaultConfigurationIsVisible = 0;
			defaultConfigurationName = Release;
		};
/* End XCConfigurationList section */
	};
	rootObject = FDAF46661C47E8AA008060CD /* Project object */;
}
