// !$*UTF8*$!
{
	archiveVersion = 1;
	classes = {
	};
	objectVersion = 46;
	objects = {

/* Begin PBXBuildFile section */
		4904A1B61C526EA200F26E05 /* ValidationService.swift in Sources */ = {isa = PBXBuildFile; fileRef = 4904A1B51C526EA200F26E05 /* ValidationService.swift */; };
		492D17EF1C5A00EE00D98404 /* EffectsGroup.swift in Sources */ = {isa = PBXBuildFile; fileRef = 492D17EE1C5A00EE00D98404 /* EffectsGroup.swift */; };
		492D17F11C5A024E00D98404 /* EffectsVersion.swift in Sources */ = {isa = PBXBuildFile; fileRef = 492D17F01C5A024E00D98404 /* EffectsVersion.swift */; };
		492D17F31C5A027D00D98404 /* EffectsSticker.swift in Sources */ = {isa = PBXBuildFile; fileRef = 492D17F21C5A027D00D98404 /* EffectsSticker.swift */; };
		492D17F51C5A186100D98404 /* EffectsModel.swift in Sources */ = {isa = PBXBuildFile; fileRef = 492D17F41C5A186100D98404 /* EffectsModel.swift */; };
		492D17F71C5B9FE500D98404 /* EffectViewCell.swift in Sources */ = {isa = PBXBuildFile; fileRef = 492D17F61C5B9FE500D98404 /* EffectViewCell.swift */; };
		497954641C7B497E0003B960 /* ToastActivityHelper.swift in Sources */ = {isa = PBXBuildFile; fileRef = 497954631C7B497E0003B960 /* ToastActivityHelper.swift */; };
		497B87251C4D152C00A4A32B /* ProfileViewController.swift in Sources */ = {isa = PBXBuildFile; fileRef = 497B87241C4D152C00A4A32B /* ProfileViewController.swift */; };
		499DD04B1C57964000DABCD5 /* PhotoEditorViewController.swift in Sources */ = {isa = PBXBuildFile; fileRef = 499DD04A1C57964000DABCD5 /* PhotoEditorViewController.swift */; };
		499DD04D1C579A4600DABCD5 /* PhotoEditorModel.swift in Sources */ = {isa = PBXBuildFile; fileRef = 499DD04C1C579A4600DABCD5 /* PhotoEditorModel.swift */; };
		499DD04F1C579D3100DABCD5 /* EffectsPickerViewController.swift in Sources */ = {isa = PBXBuildFile; fileRef = 499DD04E1C579D3100DABCD5 /* EffectsPickerViewController.swift */; };
		499DD0511C579EF200DABCD5 /* ImageViewController.swift in Sources */ = {isa = PBXBuildFile; fileRef = 499DD0501C579EF200DABCD5 /* ImageViewController.swift */; };
		499DD0531C579F1300DABCD5 /* EffectsPickerAdapter.swift in Sources */ = {isa = PBXBuildFile; fileRef = 499DD0521C579F1300DABCD5 /* EffectsPickerAdapter.swift */; };
		499DD0551C57D2D300DABCD5 /* Feed.storyboard in Resources */ = {isa = PBXBuildFile; fileRef = 499DD0541C57D2D300DABCD5 /* Feed.storyboard */; };
		499DD0571C57DFD100DABCD5 /* ImageViewModel.swift in Sources */ = {isa = PBXBuildFile; fileRef = 499DD0561C57DFD100DABCD5 /* ImageViewModel.swift */; };
		49F4156F1C4A591500143E78 /* Ribbon_V2_2011.otf in Resources */ = {isa = PBXBuildFile; fileRef = 49F4156E1C4A591500143E78 /* Ribbon_V2_2011.otf */; };
		49F415731C4A7AD200143E78 /* Silverfake.otf in Resources */ = {isa = PBXBuildFile; fileRef = 49F415721C4A7AA600143E78 /* Silverfake.otf */; };
		49F415741C4A7AD200143E78 /* Scratch Basic.otf in Resources */ = {isa = PBXBuildFile; fileRef = 49F415701C4A791600143E78 /* Scratch Basic.otf */; };
		49F415751C4A7AD200143E78 /* Scratch Detail.otf in Resources */ = {isa = PBXBuildFile; fileRef = 49F415711C4A791600143E78 /* Scratch Detail.otf */; };
		49F415771C4A842F00143E78 /* Assets.xcassets in Resources */ = {isa = PBXBuildFile; fileRef = 49F415761C4A842F00143E78 /* Assets.xcassets */; };
		49FE57C71C4E63E500C4B30F /* PostViewCell.xib in Resources */ = {isa = PBXBuildFile; fileRef = 49FE57C51C4E63E500C4B30F /* PostViewCell.xib */; };
		49FE57CB1C4E66E600C4B30F /* PostViewCell.swift in Sources */ = {isa = PBXBuildFile; fileRef = 49FE57CA1C4E66E600C4B30F /* PostViewCell.swift */; };
		7702E0931C6950C50013CB4D /* UICollectionViewFlowLayout.swift in Sources */ = {isa = PBXBuildFile; fileRef = 7702E0921C6950C50013CB4D /* UICollectionViewFlowLayout.swift */; };
		771CD2321C6BB10F00383B41 /* EffectsGroupHeaderView.xib in Resources */ = {isa = PBXBuildFile; fileRef = 771CD2311C6BB10F00383B41 /* EffectsGroupHeaderView.xib */; };
		771E3E801C74CB22000608EF /* CellInterface.swift in Sources */ = {isa = PBXBuildFile; fileRef = 771E3E7F1C74CB22000608EF /* CellInterface.swift */; };
		77752C961C7B2AD500DCED81 /* StoryboardInitable.swift in Sources */ = {isa = PBXBuildFile; fileRef = 77752C951C7B2AD500DCED81 /* StoryboardInitable.swift */; };
		77752C9D1C7B396800DCED81 /* ProfileRouter.swift in Sources */ = {isa = PBXBuildFile; fileRef = 77752C971C7B396800DCED81 /* ProfileRouter.swift */; };
		77752C9E1C7B396800DCED81 /* PhotoEditorRouter.swift in Sources */ = {isa = PBXBuildFile; fileRef = 77752C981C7B396800DCED81 /* PhotoEditorRouter.swift */; };
		77752CA01C7B396800DCED81 /* FeedRouter.swift in Sources */ = {isa = PBXBuildFile; fileRef = 77752C9A1C7B396800DCED81 /* FeedRouter.swift */; };
		77752CA11C7B396800DCED81 /* EditProfileRouter.swift in Sources */ = {isa = PBXBuildFile; fileRef = 77752C9B1C7B396800DCED81 /* EditProfileRouter.swift */; };
		77752CA21C7B396800DCED81 /* AuthorizationRouter.swift in Sources */ = {isa = PBXBuildFile; fileRef = 77752C9C1C7B396800DCED81 /* AuthorizationRouter.swift */; };
		7787919B1C693CEF00DFF8C9 /* EffectsGroupHeaderView.swift in Sources */ = {isa = PBXBuildFile; fileRef = 7787919A1C693CEF00DFF8C9 /* EffectsGroupHeaderView.swift */; };
		77A3620A1C6239FD0095B0B5 /* ReachabilityHelper.swift in Sources */ = {isa = PBXBuildFile; fileRef = 77A362091C6239FD0095B0B5 /* ReachabilityHelper.swift */; };
		77B42D231C6B762B00C5A999 /* EffectsLayout.swift in Sources */ = {isa = PBXBuildFile; fileRef = 77B42D221C6B762B00C5A999 /* EffectsLayout.swift */; };
		77D5295E1C60D90900C8932C /* ExceptionHandler.swift in Sources */ = {isa = PBXBuildFile; fileRef = 77D5295D1C60D90900C8932C /* ExceptionHandler.swift */; };
		95199AEB1C4CF6A00086D613 /* FeedViewController.swift in Sources */ = {isa = PBXBuildFile; fileRef = 95199AEA1C4CF6A00086D613 /* FeedViewController.swift */; };
		9521D01B1C735DF200683F87 /* EffectsService.swift in Sources */ = {isa = PBXBuildFile; fileRef = 9521D01A1C735DF200683F87 /* EffectsService.swift */; };
		95D57EA11C77636C007F1B6A /* Authorization.storyboard in Resources */ = {isa = PBXBuildFile; fileRef = 95D57EA01C77636C007F1B6A /* Authorization.storyboard */; };
		95D57EA51C776477007F1B6A /* Profile.storyboard in Resources */ = {isa = PBXBuildFile; fileRef = 95D57EA41C776477007F1B6A /* Profile.storyboard */; };
		95D57EA71C7764D5007F1B6A /* PhotoEditor.storyboard in Resources */ = {isa = PBXBuildFile; fileRef = 95D57EA61C7764D5007F1B6A /* PhotoEditor.storyboard */; };
		95D6D7AD1C4E5E3B004E2145 /* AuthorizationViewController.swift in Sources */ = {isa = PBXBuildFile; fileRef = 95D6D7AC1C4E5E3B004E2145 /* AuthorizationViewController.swift */; };
		95D6D7AF1C4E9036004E2145 /* ImageLoaderService.swift in Sources */ = {isa = PBXBuildFile; fileRef = 95D6D7AE1C4E9036004E2145 /* ImageLoaderService.swift */; };
		95D6D7B31C50998D004E2145 /* ErrorHandler.swift in Sources */ = {isa = PBXBuildFile; fileRef = 95D6D7B21C50998D004E2145 /* ErrorHandler.swift */; };
		95E4A0721C58EA8700D52150 /* EffectEditorView.swift in Sources */ = {isa = PBXBuildFile; fileRef = 95E4A0711C58EA8700D52150 /* EffectEditorView.swift */; };
		95E4A0761C58F47D00D52150 /* BorderView.swift in Sources */ = {isa = PBXBuildFile; fileRef = 95E4A0751C58F47D00D52150 /* BorderView.swift */; };
		E0823F80177EF1A11E426BBF /* Pods.framework in Frameworks */ = {isa = PBXBuildFile; fileRef = BA0D5660DDF81DF3E1E53DB7 /* Pods.framework */; };
		FD0658FC1C71234F00743AF1 /* AssetsLibrary.framework in Frameworks */ = {isa = PBXBuildFile; fileRef = FD0658FB1C71234F00743AF1 /* AssetsLibrary.framework */; };
		FD0658FE1C7125A100743AF1 /* Photos.framework in Frameworks */ = {isa = PBXBuildFile; fileRef = FD0658FD1C7125A100743AF1 /* Photos.framework */; };
		FD27A2671C620ECE0058203F /* UIView+Effects.swift in Sources */ = {isa = PBXBuildFile; fileRef = FD27A2661C620ECE0058203F /* UIView+Effects.swift */; };
		FD27A2691C6249610058203F /* AVFoundation.framework in Frameworks */ = {isa = PBXBuildFile; fileRef = FD27A2681C6249610058203F /* AVFoundation.framework */; };
		FD27A26B1C62497F0058203F /* AVKit.framework in Frameworks */ = {isa = PBXBuildFile; fileRef = FD27A26A1C62497F0058203F /* AVKit.framework */; };
		FD27A26D1C6281170058203F /* UIApplication+AppSettings.swift in Sources */ = {isa = PBXBuildFile; fileRef = FD27A26C1C6281170058203F /* UIApplication+AppSettings.swift */; };
		FD27A2731C64CFEC0058203F /* FeedToolBar.xib in Resources */ = {isa = PBXBuildFile; fileRef = FD27A2721C64CFEC0058203F /* FeedToolBar.xib */; };
		FD27A2751C64D09E0058203F /* FeedToolBar.swift in Sources */ = {isa = PBXBuildFile; fileRef = FD27A2741C64D09E0058203F /* FeedToolBar.swift */; };
		FD3B4A051C5BE9E300F0FC52 /* PFInstallation+User.swift in Sources */ = {isa = PBXBuildFile; fileRef = FD3B4A041C5BE9E300F0FC52 /* PFInstallation+User.swift */; };
		FD6C17BD1C49506100A01715 /* Constants.swift in Sources */ = {isa = PBXBuildFile; fileRef = FD6C17BC1C49506100A01715 /* Constants.swift */; };
		FD7C43171C60AA65003E4072 /* AppearanceConfigurator.swift in Sources */ = {isa = PBXBuildFile; fileRef = FD7C43161C60AA65003E4072 /* AppearanceConfigurator.swift */; };
		FD7C43191C60AB9D003E4072 /* UIColor+BaseColor.swift in Sources */ = {isa = PBXBuildFile; fileRef = FD7C43181C60AB9D003E4072 /* UIColor+BaseColor.swift */; };
		FD7C431B1C60AC04003E4072 /* UIImage+BaseImage.swift in Sources */ = {isa = PBXBuildFile; fileRef = FD7C431A1C60AC04003E4072 /* UIImage+BaseImage.swift */; };
		FD7C431D1C60CC89003E4072 /* PushNotificationQueue.swift in Sources */ = {isa = PBXBuildFile; fileRef = FD7C431C1C60CC89003E4072 /* PushNotificationQueue.swift */; };
		FD8EFA071C4FDCCC00B1C021 /* EditProfileViewController.swift in Sources */ = {isa = PBXBuildFile; fileRef = FD8EFA061C4FDCCC00B1C021 /* EditProfileViewController.swift */; };
		FD9D83691C7521B100D6495D /* NSError+ErrorType.swift in Sources */ = {isa = PBXBuildFile; fileRef = FD9D83681C7521B100D6495D /* NSError+ErrorType.swift */; };
		FDAF46AC1C49369E008060CD /* AppDelegate.swift in Sources */ = {isa = PBXBuildFile; fileRef = FDAF46A01C49369E008060CD /* AppDelegate.swift */; };
		FDD0F0B31C4E528700331799 /* AlertManager.swift in Sources */ = {isa = PBXBuildFile; fileRef = FDD0F0AD1C4E528700331799 /* AlertManager.swift */; };
		FDD0F0B41C4E528700331799 /* AuthService.swift in Sources */ = {isa = PBXBuildFile; fileRef = FDD0F0AE1C4E528700331799 /* AuthService.swift */; };
		FDD0F0B61C4E528700331799 /* PhotoGenerator.swift in Sources */ = {isa = PBXBuildFile; fileRef = FDD0F0B01C4E528700331799 /* PhotoGenerator.swift */; };
		FDD0F0B71C4E528700331799 /* Presenter.swift in Sources */ = {isa = PBXBuildFile; fileRef = FDD0F0B11C4E528700331799 /* Presenter.swift */; };
		FDD0F0BA1C4E52DD00331799 /* PostAdapter.swift in Sources */ = {isa = PBXBuildFile; fileRef = FDD0F0B91C4E52DD00331799 /* PostAdapter.swift */; };
		FDD0F0BC1C4E52F300331799 /* Post.swift in Sources */ = {isa = PBXBuildFile; fileRef = FDD0F0BB1C4E52F300331799 /* Post.swift */; };
		FDD0F0C01C4E535900331799 /* Reachability.swift in Sources */ = {isa = PBXBuildFile; fileRef = FDD0F0BF1C4E535900331799 /* Reachability.swift */; };
		FDE508D41C49482F003C772B /* User.swift in Sources */ = {isa = PBXBuildFile; fileRef = FDE508D31C49482F003C772B /* User.swift */; };
		FDEA23131C7341E9009EE533 /* ServiceLocator.swift in Sources */ = {isa = PBXBuildFile; fileRef = FDEA23121C7341E9009EE533 /* ServiceLocator.swift */; };
		FDEA23151C73434E009EE533 /* UserService.swift in Sources */ = {isa = PBXBuildFile; fileRef = FDEA23141C73434E009EE533 /* UserService.swift */; };
		FDEA23171C734359009EE533 /* PostService.swift in Sources */ = {isa = PBXBuildFile; fileRef = FDEA23161C734359009EE533 /* PostService.swift */; };
/* End PBXBuildFile section */

/* Begin PBXContainerItemProxy section */
		FDAF46831C47E8AB008060CD /* PBXContainerItemProxy */ = {
			isa = PBXContainerItemProxy;
			containerPortal = FDAF46661C47E8AA008060CD /* Project object */;
			proxyType = 1;
			remoteGlobalIDString = FDAF466D1C47E8AA008060CD;
			remoteInfo = "P-effect";
		};
		FDAF468E1C47E8AB008060CD /* PBXContainerItemProxy */ = {
			isa = PBXContainerItemProxy;
			containerPortal = FDAF46661C47E8AA008060CD /* Project object */;
			proxyType = 1;
			remoteGlobalIDString = FDAF466D1C47E8AA008060CD;
			remoteInfo = "P-effect";
		};
/* End PBXContainerItemProxy section */

/* Begin PBXFileReference section */
		417C7F0BA78FEA4860422B08 /* Pods.release.xcconfig */ = {isa = PBXFileReference; includeInIndex = 1; lastKnownFileType = text.xcconfig; name = Pods.release.xcconfig; path = "Pods/Target Support Files/Pods/Pods.release.xcconfig"; sourceTree = "<group>"; };
		4904A1B51C526EA200F26E05 /* ValidationService.swift */ = {isa = PBXFileReference; fileEncoding = 4; lastKnownFileType = sourcecode.swift; path = ValidationService.swift; sourceTree = "<group>"; };
		492D17EE1C5A00EE00D98404 /* EffectsGroup.swift */ = {isa = PBXFileReference; fileEncoding = 4; lastKnownFileType = sourcecode.swift; path = EffectsGroup.swift; sourceTree = "<group>"; };
		492D17F01C5A024E00D98404 /* EffectsVersion.swift */ = {isa = PBXFileReference; fileEncoding = 4; lastKnownFileType = sourcecode.swift; path = EffectsVersion.swift; sourceTree = "<group>"; };
		492D17F21C5A027D00D98404 /* EffectsSticker.swift */ = {isa = PBXFileReference; fileEncoding = 4; lastKnownFileType = sourcecode.swift; path = EffectsSticker.swift; sourceTree = "<group>"; };
		492D17F41C5A186100D98404 /* EffectsModel.swift */ = {isa = PBXFileReference; fileEncoding = 4; lastKnownFileType = sourcecode.swift; path = EffectsModel.swift; sourceTree = "<group>"; };
		492D17F61C5B9FE500D98404 /* EffectViewCell.swift */ = {isa = PBXFileReference; fileEncoding = 4; lastKnownFileType = sourcecode.swift; path = EffectViewCell.swift; sourceTree = "<group>"; };
		497954631C7B497E0003B960 /* ToastActivityHelper.swift */ = {isa = PBXFileReference; fileEncoding = 4; lastKnownFileType = sourcecode.swift; path = ToastActivityHelper.swift; sourceTree = "<group>"; };
		497B87241C4D152C00A4A32B /* ProfileViewController.swift */ = {isa = PBXFileReference; fileEncoding = 4; lastKnownFileType = sourcecode.swift; path = ProfileViewController.swift; sourceTree = "<group>"; };
		499DD04A1C57964000DABCD5 /* PhotoEditorViewController.swift */ = {isa = PBXFileReference; fileEncoding = 4; lastKnownFileType = sourcecode.swift; path = PhotoEditorViewController.swift; sourceTree = "<group>"; };
		499DD04C1C579A4600DABCD5 /* PhotoEditorModel.swift */ = {isa = PBXFileReference; fileEncoding = 4; lastKnownFileType = sourcecode.swift; path = PhotoEditorModel.swift; sourceTree = "<group>"; };
		499DD04E1C579D3100DABCD5 /* EffectsPickerViewController.swift */ = {isa = PBXFileReference; fileEncoding = 4; lastKnownFileType = sourcecode.swift; path = EffectsPickerViewController.swift; sourceTree = "<group>"; };
		499DD0501C579EF200DABCD5 /* ImageViewController.swift */ = {isa = PBXFileReference; fileEncoding = 4; lastKnownFileType = sourcecode.swift; path = ImageViewController.swift; sourceTree = "<group>"; };
		499DD0521C579F1300DABCD5 /* EffectsPickerAdapter.swift */ = {isa = PBXFileReference; fileEncoding = 4; lastKnownFileType = sourcecode.swift; path = EffectsPickerAdapter.swift; sourceTree = "<group>"; };
		499DD0541C57D2D300DABCD5 /* Feed.storyboard */ = {isa = PBXFileReference; fileEncoding = 4; lastKnownFileType = file.storyboard; path = Feed.storyboard; sourceTree = "<group>"; };
		499DD0561C57DFD100DABCD5 /* ImageViewModel.swift */ = {isa = PBXFileReference; fileEncoding = 4; lastKnownFileType = sourcecode.swift; path = ImageViewModel.swift; sourceTree = "<group>"; };
		49F4156E1C4A591500143E78 /* Ribbon_V2_2011.otf */ = {isa = PBXFileReference; lastKnownFileType = file; path = Ribbon_V2_2011.otf; sourceTree = "<group>"; };
		49F415701C4A791600143E78 /* Scratch Basic.otf */ = {isa = PBXFileReference; lastKnownFileType = file; path = "Scratch Basic.otf"; sourceTree = "<group>"; };
		49F415711C4A791600143E78 /* Scratch Detail.otf */ = {isa = PBXFileReference; lastKnownFileType = file; path = "Scratch Detail.otf"; sourceTree = "<group>"; };
		49F415721C4A7AA600143E78 /* Silverfake.otf */ = {isa = PBXFileReference; lastKnownFileType = file; path = Silverfake.otf; sourceTree = "<group>"; };
		49F415761C4A842F00143E78 /* Assets.xcassets */ = {isa = PBXFileReference; lastKnownFileType = folder.assetcatalog; path = Assets.xcassets; sourceTree = "<group>"; };
		49FE57C51C4E63E500C4B30F /* PostViewCell.xib */ = {isa = PBXFileReference; fileEncoding = 4; lastKnownFileType = file.xib; path = PostViewCell.xib; sourceTree = "<group>"; };
		49FE57CA1C4E66E600C4B30F /* PostViewCell.swift */ = {isa = PBXFileReference; fileEncoding = 4; lastKnownFileType = sourcecode.swift; path = PostViewCell.swift; sourceTree = "<group>"; };
		7702E0921C6950C50013CB4D /* UICollectionViewFlowLayout.swift */ = {isa = PBXFileReference; fileEncoding = 4; lastKnownFileType = sourcecode.swift; path = UICollectionViewFlowLayout.swift; sourceTree = "<group>"; };
		771CD2311C6BB10F00383B41 /* EffectsGroupHeaderView.xib */ = {isa = PBXFileReference; fileEncoding = 4; lastKnownFileType = file.xib; path = EffectsGroupHeaderView.xib; sourceTree = "<group>"; };
		771E3E7F1C74CB22000608EF /* CellInterface.swift */ = {isa = PBXFileReference; fileEncoding = 4; lastKnownFileType = sourcecode.swift; path = CellInterface.swift; sourceTree = "<group>"; };
		77752C951C7B2AD500DCED81 /* StoryboardInitable.swift */ = {isa = PBXFileReference; fileEncoding = 4; lastKnownFileType = sourcecode.swift; path = StoryboardInitable.swift; sourceTree = "<group>"; };
		77752C971C7B396800DCED81 /* ProfileRouter.swift */ = {isa = PBXFileReference; fileEncoding = 4; lastKnownFileType = sourcecode.swift; path = ProfileRouter.swift; sourceTree = "<group>"; };
		77752C981C7B396800DCED81 /* PhotoEditorRouter.swift */ = {isa = PBXFileReference; fileEncoding = 4; lastKnownFileType = sourcecode.swift; path = PhotoEditorRouter.swift; sourceTree = "<group>"; };
		77752C9A1C7B396800DCED81 /* FeedRouter.swift */ = {isa = PBXFileReference; fileEncoding = 4; lastKnownFileType = sourcecode.swift; path = FeedRouter.swift; sourceTree = "<group>"; };
		77752C9B1C7B396800DCED81 /* EditProfileRouter.swift */ = {isa = PBXFileReference; fileEncoding = 4; lastKnownFileType = sourcecode.swift; path = EditProfileRouter.swift; sourceTree = "<group>"; };
		77752C9C1C7B396800DCED81 /* AuthorizationRouter.swift */ = {isa = PBXFileReference; fileEncoding = 4; lastKnownFileType = sourcecode.swift; path = AuthorizationRouter.swift; sourceTree = "<group>"; };
		7787919A1C693CEF00DFF8C9 /* EffectsGroupHeaderView.swift */ = {isa = PBXFileReference; fileEncoding = 4; lastKnownFileType = sourcecode.swift; path = EffectsGroupHeaderView.swift; sourceTree = "<group>"; };
		77A362091C6239FD0095B0B5 /* ReachabilityHelper.swift */ = {isa = PBXFileReference; fileEncoding = 4; lastKnownFileType = sourcecode.swift; path = ReachabilityHelper.swift; sourceTree = "<group>"; };
		77B42D221C6B762B00C5A999 /* EffectsLayout.swift */ = {isa = PBXFileReference; fileEncoding = 4; lastKnownFileType = sourcecode.swift; path = EffectsLayout.swift; sourceTree = "<group>"; };
		77D5295D1C60D90900C8932C /* ExceptionHandler.swift */ = {isa = PBXFileReference; fileEncoding = 4; lastKnownFileType = sourcecode.swift; path = ExceptionHandler.swift; sourceTree = "<group>"; };
		95199AEA1C4CF6A00086D613 /* FeedViewController.swift */ = {isa = PBXFileReference; fileEncoding = 4; lastKnownFileType = sourcecode.swift; path = FeedViewController.swift; sourceTree = "<group>"; };
		9521D01A1C735DF200683F87 /* EffectsService.swift */ = {isa = PBXFileReference; fileEncoding = 4; lastKnownFileType = sourcecode.swift; path = EffectsService.swift; sourceTree = "<group>"; };
		95D57EA01C77636C007F1B6A /* Authorization.storyboard */ = {isa = PBXFileReference; fileEncoding = 4; lastKnownFileType = file.storyboard; path = Authorization.storyboard; sourceTree = "<group>"; };
		95D57EA41C776477007F1B6A /* Profile.storyboard */ = {isa = PBXFileReference; fileEncoding = 4; lastKnownFileType = file.storyboard; path = Profile.storyboard; sourceTree = "<group>"; };
		95D57EA61C7764D5007F1B6A /* PhotoEditor.storyboard */ = {isa = PBXFileReference; fileEncoding = 4; lastKnownFileType = file.storyboard; path = PhotoEditor.storyboard; sourceTree = "<group>"; };
		95D6D7AC1C4E5E3B004E2145 /* AuthorizationViewController.swift */ = {isa = PBXFileReference; fileEncoding = 4; lastKnownFileType = sourcecode.swift; path = AuthorizationViewController.swift; sourceTree = "<group>"; };
		95D6D7AE1C4E9036004E2145 /* ImageLoaderService.swift */ = {isa = PBXFileReference; fileEncoding = 4; lastKnownFileType = sourcecode.swift; path = ImageLoaderService.swift; sourceTree = "<group>"; };
		95D6D7B21C50998D004E2145 /* ErrorHandler.swift */ = {isa = PBXFileReference; fileEncoding = 4; lastKnownFileType = sourcecode.swift; path = ErrorHandler.swift; sourceTree = "<group>"; };
		95E4A0711C58EA8700D52150 /* EffectEditorView.swift */ = {isa = PBXFileReference; fileEncoding = 4; lastKnownFileType = sourcecode.swift; path = EffectEditorView.swift; sourceTree = "<group>"; };
		95E4A0751C58F47D00D52150 /* BorderView.swift */ = {isa = PBXFileReference; fileEncoding = 4; lastKnownFileType = sourcecode.swift; path = BorderView.swift; sourceTree = "<group>"; };
		BA0D5660DDF81DF3E1E53DB7 /* Pods.framework */ = {isa = PBXFileReference; explicitFileType = wrapper.framework; includeInIndex = 0; path = Pods.framework; sourceTree = BUILT_PRODUCTS_DIR; };
		F6ED9BB31320F4166A4FFF3C /* Pods.debug.xcconfig */ = {isa = PBXFileReference; includeInIndex = 1; lastKnownFileType = text.xcconfig; name = Pods.debug.xcconfig; path = "Pods/Target Support Files/Pods/Pods.debug.xcconfig"; sourceTree = "<group>"; };
		FD0658FB1C71234F00743AF1 /* AssetsLibrary.framework */ = {isa = PBXFileReference; lastKnownFileType = wrapper.framework; name = AssetsLibrary.framework; path = System/Library/Frameworks/AssetsLibrary.framework; sourceTree = SDKROOT; };
		FD0658FD1C7125A100743AF1 /* Photos.framework */ = {isa = PBXFileReference; lastKnownFileType = wrapper.framework; name = Photos.framework; path = System/Library/Frameworks/Photos.framework; sourceTree = SDKROOT; };
		FD27A2661C620ECE0058203F /* UIView+Effects.swift */ = {isa = PBXFileReference; fileEncoding = 4; lastKnownFileType = sourcecode.swift; path = "UIView+Effects.swift"; sourceTree = "<group>"; };
		FD27A2681C6249610058203F /* AVFoundation.framework */ = {isa = PBXFileReference; lastKnownFileType = wrapper.framework; name = AVFoundation.framework; path = System/Library/Frameworks/AVFoundation.framework; sourceTree = SDKROOT; };
		FD27A26A1C62497F0058203F /* AVKit.framework */ = {isa = PBXFileReference; lastKnownFileType = wrapper.framework; name = AVKit.framework; path = System/Library/Frameworks/AVKit.framework; sourceTree = SDKROOT; };
		FD27A26C1C6281170058203F /* UIApplication+AppSettings.swift */ = {isa = PBXFileReference; fileEncoding = 4; lastKnownFileType = sourcecode.swift; path = "UIApplication+AppSettings.swift"; sourceTree = "<group>"; };
		FD27A26E1C64A9080058203F /* libSDWebImage.a */ = {isa = PBXFileReference; lastKnownFileType = archive.ar; name = libSDWebImage.a; path = "Pods/../build/Debug-iphoneos/libSDWebImage.a"; sourceTree = "<group>"; };
		FD27A2721C64CFEC0058203F /* FeedToolBar.xib */ = {isa = PBXFileReference; fileEncoding = 4; lastKnownFileType = file.xib; path = FeedToolBar.xib; sourceTree = "<group>"; };
		FD27A2741C64D09E0058203F /* FeedToolBar.swift */ = {isa = PBXFileReference; fileEncoding = 4; lastKnownFileType = sourcecode.swift; path = FeedToolBar.swift; sourceTree = "<group>"; };
		FD3B4A041C5BE9E300F0FC52 /* PFInstallation+User.swift */ = {isa = PBXFileReference; fileEncoding = 4; lastKnownFileType = sourcecode.swift; path = "PFInstallation+User.swift"; sourceTree = "<group>"; };
		FD3B4A061C5BF87F00F0FC52 /* libBolts.a */ = {isa = PBXFileReference; lastKnownFileType = archive.ar; name = libBolts.a; path = "Pods/../build/Debug-iphoneos/libBolts.a"; sourceTree = "<group>"; };
		FD6C17BC1C49506100A01715 /* Constants.swift */ = {isa = PBXFileReference; fileEncoding = 4; lastKnownFileType = sourcecode.swift; path = Constants.swift; sourceTree = "<group>"; };
		FD7C43161C60AA65003E4072 /* AppearanceConfigurator.swift */ = {isa = PBXFileReference; fileEncoding = 4; lastKnownFileType = sourcecode.swift; path = AppearanceConfigurator.swift; sourceTree = "<group>"; };
		FD7C43181C60AB9D003E4072 /* UIColor+BaseColor.swift */ = {isa = PBXFileReference; fileEncoding = 4; lastKnownFileType = sourcecode.swift; path = "UIColor+BaseColor.swift"; sourceTree = "<group>"; };
		FD7C431A1C60AC04003E4072 /* UIImage+BaseImage.swift */ = {isa = PBXFileReference; fileEncoding = 4; lastKnownFileType = sourcecode.swift; path = "UIImage+BaseImage.swift"; sourceTree = "<group>"; };
		FD7C431C1C60CC89003E4072 /* PushNotificationQueue.swift */ = {isa = PBXFileReference; fileEncoding = 4; lastKnownFileType = sourcecode.swift; path = PushNotificationQueue.swift; sourceTree = "<group>"; };
		FD8EFA061C4FDCCC00B1C021 /* EditProfileViewController.swift */ = {isa = PBXFileReference; fileEncoding = 4; lastKnownFileType = sourcecode.swift; path = EditProfileViewController.swift; sourceTree = "<group>"; };
		FD9D83681C7521B100D6495D /* NSError+ErrorType.swift */ = {isa = PBXFileReference; fileEncoding = 4; lastKnownFileType = sourcecode.swift; path = "NSError+ErrorType.swift"; sourceTree = "<group>"; };
		FDAF466E1C47E8AA008060CD /* P-effect.app */ = {isa = PBXFileReference; explicitFileType = wrapper.application; includeInIndex = 0; path = "P-effect.app"; sourceTree = BUILT_PRODUCTS_DIR; };
		FDAF467D1C47E8AA008060CD /* Info.plist */ = {isa = PBXFileReference; lastKnownFileType = text.plist.xml; name = Info.plist; path = ../Info.plist; sourceTree = "<group>"; };
		FDAF46821C47E8AB008060CD /* P-effectTests.xctest */ = {isa = PBXFileReference; explicitFileType = wrapper.cfbundle; includeInIndex = 0; path = "P-effectTests.xctest"; sourceTree = BUILT_PRODUCTS_DIR; };
		FDAF468D1C47E8AB008060CD /* P-effectUITests.xctest */ = {isa = PBXFileReference; explicitFileType = wrapper.cfbundle; includeInIndex = 0; path = "P-effectUITests.xctest"; sourceTree = BUILT_PRODUCTS_DIR; };
		FDAF46A01C49369E008060CD /* AppDelegate.swift */ = {isa = PBXFileReference; fileEncoding = 4; lastKnownFileType = sourcecode.swift; path = AppDelegate.swift; sourceTree = "<group>"; };
		FDAF46B61C493871008060CD /* P-effect-Bridging-Header.h */ = {isa = PBXFileReference; lastKnownFileType = sourcecode.c.h; path = "P-effect-Bridging-Header.h"; sourceTree = "<group>"; };
		FDD0F0AD1C4E528700331799 /* AlertManager.swift */ = {isa = PBXFileReference; fileEncoding = 4; lastKnownFileType = sourcecode.swift; path = AlertManager.swift; sourceTree = "<group>"; };
		FDD0F0AE1C4E528700331799 /* AuthService.swift */ = {isa = PBXFileReference; fileEncoding = 4; lastKnownFileType = sourcecode.swift; path = AuthService.swift; sourceTree = "<group>"; };
		FDD0F0B01C4E528700331799 /* PhotoGenerator.swift */ = {isa = PBXFileReference; fileEncoding = 4; lastKnownFileType = sourcecode.swift; path = PhotoGenerator.swift; sourceTree = "<group>"; };
		FDD0F0B11C4E528700331799 /* Presenter.swift */ = {isa = PBXFileReference; fileEncoding = 4; lastKnownFileType = sourcecode.swift; path = Presenter.swift; sourceTree = "<group>"; };
		FDD0F0B91C4E52DD00331799 /* PostAdapter.swift */ = {isa = PBXFileReference; fileEncoding = 4; lastKnownFileType = sourcecode.swift; path = PostAdapter.swift; sourceTree = "<group>"; };
		FDD0F0BB1C4E52F300331799 /* Post.swift */ = {isa = PBXFileReference; fileEncoding = 4; lastKnownFileType = sourcecode.swift; path = Post.swift; sourceTree = "<group>"; };
		FDD0F0BF1C4E535900331799 /* Reachability.swift */ = {isa = PBXFileReference; fileEncoding = 4; lastKnownFileType = sourcecode.swift; path = Reachability.swift; sourceTree = "<group>"; };
		FDE508D31C49482F003C772B /* User.swift */ = {isa = PBXFileReference; fileEncoding = 4; lastKnownFileType = sourcecode.swift; path = User.swift; sourceTree = "<group>"; };
		FDEA23121C7341E9009EE533 /* ServiceLocator.swift */ = {isa = PBXFileReference; fileEncoding = 4; lastKnownFileType = sourcecode.swift; path = ServiceLocator.swift; sourceTree = "<group>"; };
		FDEA23141C73434E009EE533 /* UserService.swift */ = {isa = PBXFileReference; fileEncoding = 4; lastKnownFileType = sourcecode.swift; path = UserService.swift; sourceTree = "<group>"; };
		FDEA23161C734359009EE533 /* PostService.swift */ = {isa = PBXFileReference; fileEncoding = 4; lastKnownFileType = sourcecode.swift; path = PostService.swift; sourceTree = "<group>"; };
/* End PBXFileReference section */

/* Begin PBXFrameworksBuildPhase section */
		FDAF466B1C47E8AA008060CD /* Frameworks */ = {
			isa = PBXFrameworksBuildPhase;
			buildActionMask = 2147483647;
			files = (
				FD0658FE1C7125A100743AF1 /* Photos.framework in Frameworks */,
				FD0658FC1C71234F00743AF1 /* AssetsLibrary.framework in Frameworks */,
				FD27A26B1C62497F0058203F /* AVKit.framework in Frameworks */,
				FD27A2691C6249610058203F /* AVFoundation.framework in Frameworks */,
				E0823F80177EF1A11E426BBF /* Pods.framework in Frameworks */,
			);
			runOnlyForDeploymentPostprocessing = 0;
		};
		FDAF467F1C47E8AB008060CD /* Frameworks */ = {
			isa = PBXFrameworksBuildPhase;
			buildActionMask = 2147483647;
			files = (
			);
			runOnlyForDeploymentPostprocessing = 0;
		};
		FDAF468A1C47E8AB008060CD /* Frameworks */ = {
			isa = PBXFrameworksBuildPhase;
			buildActionMask = 2147483647;
			files = (
			);
			runOnlyForDeploymentPostprocessing = 0;
		};
/* End PBXFrameworksBuildPhase section */

/* Begin PBXGroup section */
		468733C5E0D7CEB26FEA9271 /* Frameworks */ = {
			isa = PBXGroup;
			children = (
				FD0658FD1C7125A100743AF1 /* Photos.framework */,
				FD0658FB1C71234F00743AF1 /* AssetsLibrary.framework */,
				FD27A26E1C64A9080058203F /* libSDWebImage.a */,
				FD27A26A1C62497F0058203F /* AVKit.framework */,
				FD27A2681C6249610058203F /* AVFoundation.framework */,
				FD3B4A061C5BF87F00F0FC52 /* libBolts.a */,
				BA0D5660DDF81DF3E1E53DB7 /* Pods.framework */,
			);
			name = Frameworks;
			sourceTree = "<group>";
		};
		49F4156D1C4A591500143E78 /* Fonts */ = {
			isa = PBXGroup;
			children = (
				49F415721C4A7AA600143E78 /* Silverfake.otf */,
				49F415701C4A791600143E78 /* Scratch Basic.otf */,
				49F415711C4A791600143E78 /* Scratch Detail.otf */,
				49F4156E1C4A591500143E78 /* Ribbon_V2_2011.otf */,
			);
			path = Fonts;
			sourceTree = "<group>";
		};
		49FE57C31C4E63E500C4B30F /* View */ = {
			isa = PBXGroup;
			children = (
				49FE57CA1C4E66E600C4B30F /* PostViewCell.swift */,
				49FE57C51C4E63E500C4B30F /* PostViewCell.xib */,
				492D17F61C5B9FE500D98404 /* EffectViewCell.swift */,
				7787919A1C693CEF00DFF8C9 /* EffectsGroupHeaderView.swift */,
				771CD2311C6BB10F00383B41 /* EffectsGroupHeaderView.xib */,
				95E4A0711C58EA8700D52150 /* EffectEditorView.swift */,
				95E4A0751C58F47D00D52150 /* BorderView.swift */,
				FD27A2721C64CFEC0058203F /* FeedToolBar.xib */,
				FD27A2741C64D09E0058203F /* FeedToolBar.swift */,
			);
			path = View;
			sourceTree = "<group>";
		};
		77B42D211C6B760D00C5A999 /* Layout */ = {
			isa = PBXGroup;
			children = (
				77B42D221C6B762B00C5A999 /* EffectsLayout.swift */,
			);
			path = Layout;
			sourceTree = "<group>";
		};
		F84ED9858785A5DACC7DD377 /* Pods */ = {
			isa = PBXGroup;
			children = (
				F6ED9BB31320F4166A4FFF3C /* Pods.debug.xcconfig */,
				417C7F0BA78FEA4860422B08 /* Pods.release.xcconfig */,
			);
			name = Pods;
			sourceTree = "<group>";
		};
		FD7C43151C60AA4A003E4072 /* UIsettings */ = {
			isa = PBXGroup;
			children = (
				FD7C43161C60AA65003E4072 /* AppearanceConfigurator.swift */,
			);
			path = UIsettings;
			sourceTree = "<group>";
		};
		FDAF46651C47E8AA008060CD = {
			isa = PBXGroup;
			children = (
				FDAF46701C47E8AA008060CD /* P-effect */,
				FDAF466F1C47E8AA008060CD /* Products */,
				F84ED9858785A5DACC7DD377 /* Pods */,
				468733C5E0D7CEB26FEA9271 /* Frameworks */,
			);
			sourceTree = "<group>";
		};
		FDAF466F1C47E8AA008060CD /* Products */ = {
			isa = PBXGroup;
			children = (
				FDAF466E1C47E8AA008060CD /* P-effect.app */,
				FDAF46821C47E8AB008060CD /* P-effectTests.xctest */,
				FDAF468D1C47E8AB008060CD /* P-effectUITests.xctest */,
			);
			name = Products;
			sourceTree = "<group>";
		};
		FDAF46701C47E8AA008060CD /* P-effect */ = {
			isa = PBXGroup;
			children = (
				FDAF46B61C493871008060CD /* P-effect-Bridging-Header.h */,
				FDAF469F1C49369E008060CD /* AppDelegate */,
				FDAF46A11C49369E008060CD /* Classes */,
				FDAF46A71C49369E008060CD /* Misc */,
				FDAF46AB1C49369E008060CD /* ThirdPartyLibs */,
				FDAF46AA1C49369E008060CD /* Resources */,
			);
			path = "P-effect";
			sourceTree = "<group>";
		};
		FDAF469F1C49369E008060CD /* AppDelegate */ = {
			isa = PBXGroup;
			children = (
				FDAF46A01C49369E008060CD /* AppDelegate.swift */,
			);
			path = AppDelegate;
			sourceTree = "<group>";
		};
		FDAF46A11C49369E008060CD /* Classes */ = {
			isa = PBXGroup;
			children = (
				77B42D211C6B760D00C5A999 /* Layout */,
				FDAF46A21C49369E008060CD /* DTO */,
				FDAF46A31C49369E008060CD /* Model */,
				FDAF46A41C49369E008060CD /* Service */,
				49FE57C31C4E63E500C4B30F /* View */,
				FDAF46A61C49369E008060CD /* ViewModel */,
				FDAF46A51C49369E008060CD /* ViewController */,
			);
			path = Classes;
			sourceTree = "<group>";
		};
		FDAF46A21C49369E008060CD /* DTO */ = {
			isa = PBXGroup;
			children = (
				FDD0F0BB1C4E52F300331799 /* Post.swift */,
				FDE508D31C49482F003C772B /* User.swift */,
				492D17F21C5A027D00D98404 /* EffectsSticker.swift */,
				492D17EE1C5A00EE00D98404 /* EffectsGroup.swift */,
				492D17F01C5A024E00D98404 /* EffectsVersion.swift */,
			);
			path = DTO;
			sourceTree = "<group>";
		};
		FDAF46A31C49369E008060CD /* Model */ = {
			isa = PBXGroup;
			children = (
				492D17F41C5A186100D98404 /* EffectsModel.swift */,
			);
			path = Model;
			sourceTree = "<group>";
		};
		FDAF46A41C49369E008060CD /* Service */ = {
			isa = PBXGroup;
			children = (
				FDD0F0AD1C4E528700331799 /* AlertManager.swift */,
				FDD0F0AE1C4E528700331799 /* AuthService.swift */,
				9521D01A1C735DF200683F87 /* EffectsService.swift */,
				95D6D7B21C50998D004E2145 /* ErrorHandler.swift */,
				77D5295D1C60D90900C8932C /* ExceptionHandler.swift */,
				95D6D7AE1C4E9036004E2145 /* ImageLoaderService.swift */,
				FDD0F0B01C4E528700331799 /* PhotoGenerator.swift */,
				FD7C431C1C60CC89003E4072 /* PushNotificationQueue.swift */,
				77A362091C6239FD0095B0B5 /* ReachabilityHelper.swift */,
				FDD0F0B11C4E528700331799 /* Presenter.swift */,
				4904A1B51C526EA200F26E05 /* ValidationService.swift */,
				FDEA23121C7341E9009EE533 /* ServiceLocator.swift */,
				FDEA23141C73434E009EE533 /* UserService.swift */,
				FDEA23161C734359009EE533 /* PostService.swift */,
				497954631C7B497E0003B960 /* ToastActivityHelper.swift */,
			);
			path = Service;
			sourceTree = "<group>";
		};
		FDAF46A51C49369E008060CD /* ViewController */ = {
			isa = PBXGroup;
			children = (
				77752C971C7B396800DCED81 /* ProfileRouter.swift */,
				497B87241C4D152C00A4A32B /* ProfileViewController.swift */,
				77752C981C7B396800DCED81 /* PhotoEditorRouter.swift */,
				499DD04A1C57964000DABCD5 /* PhotoEditorViewController.swift */,
				77752C9A1C7B396800DCED81 /* FeedRouter.swift */,
				95199AEA1C4CF6A00086D613 /* FeedViewController.swift */,
				77752C9B1C7B396800DCED81 /* EditProfileRouter.swift */,
				FD8EFA061C4FDCCC00B1C021 /* EditProfileViewController.swift */,
				77752C9C1C7B396800DCED81 /* AuthorizationRouter.swift */,
				95D6D7AC1C4E5E3B004E2145 /* AuthorizationViewController.swift */,
				499DD04E1C579D3100DABCD5 /* EffectsPickerViewController.swift */,
				499DD0501C579EF200DABCD5 /* ImageViewController.swift */,
			);
			path = ViewController;
			sourceTree = "<group>";
		};
		FDAF46A61C49369E008060CD /* ViewModel */ = {
			isa = PBXGroup;
			children = (
				FDD0F0B91C4E52DD00331799 /* PostAdapter.swift */,
				499DD04C1C579A4600DABCD5 /* PhotoEditorModel.swift */,
				499DD0521C579F1300DABCD5 /* EffectsPickerAdapter.swift */,
				499DD0561C57DFD100DABCD5 /* ImageViewModel.swift */,
			);
			path = ViewModel;
			sourceTree = "<group>";
		};
		FDAF46A71C49369E008060CD /* Misc */ = {
			isa = PBXGroup;
			children = (
				FD7C43151C60AA4A003E4072 /* UIsettings */,
				FDAF46A81C49369E008060CD /* Categories */,
				FDAF46A91C49369E008060CD /* Protocols */,
			);
			path = Misc;
			sourceTree = "<group>";
		};
		FDAF46A81C49369E008060CD /* Categories */ = {
			isa = PBXGroup;
			children = (
				7702E0921C6950C50013CB4D /* UICollectionViewFlowLayout.swift */,
				FD3B4A041C5BE9E300F0FC52 /* PFInstallation+User.swift */,
				FD7C43181C60AB9D003E4072 /* UIColor+BaseColor.swift */,
				FD7C431A1C60AC04003E4072 /* UIImage+BaseImage.swift */,
				FD27A2661C620ECE0058203F /* UIView+Effects.swift */,
				FD27A26C1C6281170058203F /* UIApplication+AppSettings.swift */,
				FD9D83681C7521B100D6495D /* NSError+ErrorType.swift */,
			);
			path = Categories;
			sourceTree = "<group>";
		};
		FDAF46A91C49369E008060CD /* Protocols */ = {
			isa = PBXGroup;
			children = (
				771E3E7F1C74CB22000608EF /* CellInterface.swift */,
				77752C951C7B2AD500DCED81 /* StoryboardInitable.swift */,
			);
			path = Protocols;
			sourceTree = "<group>";
		};
		FDAF46AA1C49369E008060CD /* Resources */ = {
			isa = PBXGroup;
			children = (
				49F4156D1C4A591500143E78 /* Fonts */,
				FDAF46AE1C4936CA008060CD /* Images */,
				FDAF46AF1C4936CA008060CD /* Storyboards */,
				FD6C17BC1C49506100A01715 /* Constants.swift */,
				FDAF467D1C47E8AA008060CD /* Info.plist */,
			);
			path = Resources;
			sourceTree = "<group>";
		};
		FDAF46AB1C49369E008060CD /* ThirdPartyLibs */ = {
			isa = PBXGroup;
			children = (
				FDD0F0BF1C4E535900331799 /* Reachability.swift */,
			);
			path = ThirdPartyLibs;
			sourceTree = "<group>";
		};
		FDAF46AE1C4936CA008060CD /* Images */ = {
			isa = PBXGroup;
			children = (
				49F415761C4A842F00143E78 /* Assets.xcassets */,
			);
			path = Images;
			sourceTree = "<group>";
		};
		FDAF46AF1C4936CA008060CD /* Storyboards */ = {
			isa = PBXGroup;
			children = (
				499DD0541C57D2D300DABCD5 /* Feed.storyboard */,
				95D57EA41C776477007F1B6A /* Profile.storyboard */,
				95D57EA01C77636C007F1B6A /* Authorization.storyboard */,
				95D57EA61C7764D5007F1B6A /* PhotoEditor.storyboard */,
			);
			path = Storyboards;
			sourceTree = "<group>";
		};
/* End PBXGroup section */

/* Begin PBXNativeTarget section */
		FDAF466D1C47E8AA008060CD /* P-effect */ = {
			isa = PBXNativeTarget;
			buildConfigurationList = FDAF46961C47E8AB008060CD /* Build configuration list for PBXNativeTarget "P-effect" */;
			buildPhases = (
				C1CB40DCC9F3A2B255CC44C3 /* Check Pods Manifest.lock */,
				FDAF466A1C47E8AA008060CD /* Sources */,
				FDAF466B1C47E8AA008060CD /* Frameworks */,
				FDAF466C1C47E8AA008060CD /* Resources */,
				FBE582243B45C74004DF8596 /* Embed Pods Frameworks */,
				178C03CD58BE5F6D86B590AC /* Copy Pods Resources */,
			);
			buildRules = (
			);
			dependencies = (
			);
			name = "P-effect";
			productName = "P-effect";
			productReference = FDAF466E1C47E8AA008060CD /* P-effect.app */;
			productType = "com.apple.product-type.application";
		};
		FDAF46811C47E8AB008060CD /* P-effectTests */ = {
			isa = PBXNativeTarget;
			buildConfigurationList = FDAF46991C47E8AB008060CD /* Build configuration list for PBXNativeTarget "P-effectTests" */;
			buildPhases = (
				FDAF467E1C47E8AB008060CD /* Sources */,
				FDAF467F1C47E8AB008060CD /* Frameworks */,
				FDAF46801C47E8AB008060CD /* Resources */,
			);
			buildRules = (
			);
			dependencies = (
				FDAF46841C47E8AB008060CD /* PBXTargetDependency */,
			);
			name = "P-effectTests";
			productName = "P-effectTests";
			productReference = FDAF46821C47E8AB008060CD /* P-effectTests.xctest */;
			productType = "com.apple.product-type.bundle.unit-test";
		};
		FDAF468C1C47E8AB008060CD /* P-effectUITests */ = {
			isa = PBXNativeTarget;
			buildConfigurationList = FDAF469C1C47E8AB008060CD /* Build configuration list for PBXNativeTarget "P-effectUITests" */;
			buildPhases = (
				FDAF46891C47E8AB008060CD /* Sources */,
				FDAF468A1C47E8AB008060CD /* Frameworks */,
				FDAF468B1C47E8AB008060CD /* Resources */,
			);
			buildRules = (
			);
			dependencies = (
				FDAF468F1C47E8AB008060CD /* PBXTargetDependency */,
			);
			name = "P-effectUITests";
			productName = "P-effectUITests";
			productReference = FDAF468D1C47E8AB008060CD /* P-effectUITests.xctest */;
			productType = "com.apple.product-type.bundle.ui-testing";
		};
/* End PBXNativeTarget section */

/* Begin PBXProject section */
		FDAF46661C47E8AA008060CD /* Project object */ = {
			isa = PBXProject;
			attributes = {
				LastSwiftUpdateCheck = 0720;
				LastUpgradeCheck = 0720;
				ORGANIZATIONNAME = Yalantis;
				TargetAttributes = {
					FDAF466D1C47E8AA008060CD = {
						CreatedOnToolsVersion = 7.2;
						DevelopmentTeam = UCN646ZLE7;
					};
					FDAF46811C47E8AB008060CD = {
						CreatedOnToolsVersion = 7.2;
						DevelopmentTeam = UCN646ZLE7;
						TestTargetID = FDAF466D1C47E8AA008060CD;
					};
					FDAF468C1C47E8AB008060CD = {
						CreatedOnToolsVersion = 7.2;
						DevelopmentTeam = UCN646ZLE7;
						TestTargetID = FDAF466D1C47E8AA008060CD;
					};
				};
			};
			buildConfigurationList = FDAF46691C47E8AA008060CD /* Build configuration list for PBXProject "P-effect" */;
			compatibilityVersion = "Xcode 3.2";
			developmentRegion = English;
			hasScannedForEncodings = 0;
			knownRegions = (
				en,
				Base,
			);
			mainGroup = FDAF46651C47E8AA008060CD;
			productRefGroup = FDAF466F1C47E8AA008060CD /* Products */;
			projectDirPath = "";
			projectRoot = "";
			targets = (
				FDAF466D1C47E8AA008060CD /* P-effect */,
				FDAF46811C47E8AB008060CD /* P-effectTests */,
				FDAF468C1C47E8AB008060CD /* P-effectUITests */,
			);
		};
/* End PBXProject section */

/* Begin PBXResourcesBuildPhase section */
		FDAF466C1C47E8AA008060CD /* Resources */ = {
			isa = PBXResourcesBuildPhase;
			buildActionMask = 2147483647;
			files = (
				499DD0551C57D2D300DABCD5 /* Feed.storyboard in Resources */,
				49F415731C4A7AD200143E78 /* Silverfake.otf in Resources */,
				49F415741C4A7AD200143E78 /* Scratch Basic.otf in Resources */,
				49FE57C71C4E63E500C4B30F /* PostViewCell.xib in Resources */,
				FD27A2731C64CFEC0058203F /* FeedToolBar.xib in Resources */,
				49F415751C4A7AD200143E78 /* Scratch Detail.otf in Resources */,
				95D57EA51C776477007F1B6A /* Profile.storyboard in Resources */,
				95D57EA71C7764D5007F1B6A /* PhotoEditor.storyboard in Resources */,
				95D57EA11C77636C007F1B6A /* Authorization.storyboard in Resources */,
				49F415771C4A842F00143E78 /* Assets.xcassets in Resources */,
				49F4156F1C4A591500143E78 /* Ribbon_V2_2011.otf in Resources */,
				771CD2321C6BB10F00383B41 /* EffectsGroupHeaderView.xib in Resources */,
			);
			runOnlyForDeploymentPostprocessing = 0;
		};
		FDAF46801C47E8AB008060CD /* Resources */ = {
			isa = PBXResourcesBuildPhase;
			buildActionMask = 2147483647;
			files = (
			);
			runOnlyForDeploymentPostprocessing = 0;
		};
		FDAF468B1C47E8AB008060CD /* Resources */ = {
			isa = PBXResourcesBuildPhase;
			buildActionMask = 2147483647;
			files = (
			);
			runOnlyForDeploymentPostprocessing = 0;
		};
/* End PBXResourcesBuildPhase section */

/* Begin PBXShellScriptBuildPhase section */
		178C03CD58BE5F6D86B590AC /* Copy Pods Resources */ = {
			isa = PBXShellScriptBuildPhase;
			buildActionMask = 2147483647;
			files = (
			);
			inputPaths = (
			);
			name = "Copy Pods Resources";
			outputPaths = (
			);
			runOnlyForDeploymentPostprocessing = 0;
			shellPath = /bin/sh;
			shellScript = "\"${SRCROOT}/Pods/Target Support Files/Pods/Pods-resources.sh\"\n";
			showEnvVarsInLog = 0;
		};
		C1CB40DCC9F3A2B255CC44C3 /* Check Pods Manifest.lock */ = {
			isa = PBXShellScriptBuildPhase;
			buildActionMask = 2147483647;
			files = (
			);
			inputPaths = (
			);
			name = "Check Pods Manifest.lock";
			outputPaths = (
			);
			runOnlyForDeploymentPostprocessing = 0;
			shellPath = /bin/sh;
			shellScript = "diff \"${PODS_ROOT}/../Podfile.lock\" \"${PODS_ROOT}/Manifest.lock\" > /dev/null\nif [[ $? != 0 ]] ; then\n    cat << EOM\nerror: The sandbox is not in sync with the Podfile.lock. Run 'pod install' or update your CocoaPods installation.\nEOM\n    exit 1\nfi\n";
			showEnvVarsInLog = 0;
		};
		FBE582243B45C74004DF8596 /* Embed Pods Frameworks */ = {
			isa = PBXShellScriptBuildPhase;
			buildActionMask = 2147483647;
			files = (
			);
			inputPaths = (
			);
			name = "Embed Pods Frameworks";
			outputPaths = (
			);
			runOnlyForDeploymentPostprocessing = 0;
			shellPath = /bin/sh;
			shellScript = "\"${SRCROOT}/Pods/Target Support Files/Pods/Pods-frameworks.sh\"\n";
			showEnvVarsInLog = 0;
		};
/* End PBXShellScriptBuildPhase section */

/* Begin PBXSourcesBuildPhase section */
		FDAF466A1C47E8AA008060CD /* Sources */ = {
			isa = PBXSourcesBuildPhase;
			buildActionMask = 2147483647;
			files = (
				FD8EFA071C4FDCCC00B1C021 /* EditProfileViewController.swift in Sources */,
				499DD0531C579F1300DABCD5 /* EffectsPickerAdapter.swift in Sources */,
				499DD04B1C57964000DABCD5 /* PhotoEditorViewController.swift in Sources */,
				95E4A0761C58F47D00D52150 /* BorderView.swift in Sources */,
				77752CA21C7B396800DCED81 /* AuthorizationRouter.swift in Sources */,
				FD27A26D1C6281170058203F /* UIApplication+AppSettings.swift in Sources */,
				FD7C431B1C60AC04003E4072 /* UIImage+BaseImage.swift in Sources */,
				499DD04D1C579A4600DABCD5 /* PhotoEditorModel.swift in Sources */,
				49FE57CB1C4E66E600C4B30F /* PostViewCell.swift in Sources */,
				FD3B4A051C5BE9E300F0FC52 /* PFInstallation+User.swift in Sources */,
				77D5295E1C60D90900C8932C /* ExceptionHandler.swift in Sources */,
				77752CA01C7B396800DCED81 /* FeedRouter.swift in Sources */,
				499DD04F1C579D3100DABCD5 /* EffectsPickerViewController.swift in Sources */,
				FDD0F0B71C4E528700331799 /* Presenter.swift in Sources */,
				77752C9E1C7B396800DCED81 /* PhotoEditorRouter.swift in Sources */,
				7702E0931C6950C50013CB4D /* UICollectionViewFlowLayout.swift in Sources */,
				77752C961C7B2AD500DCED81 /* StoryboardInitable.swift in Sources */,
				FDE508D41C49482F003C772B /* User.swift in Sources */,
				FDEA23131C7341E9009EE533 /* ServiceLocator.swift in Sources */,
				497B87251C4D152C00A4A32B /* ProfileViewController.swift in Sources */,
				499DD0511C579EF200DABCD5 /* ImageViewController.swift in Sources */,
				FD27A2751C64D09E0058203F /* FeedToolBar.swift in Sources */,
				9521D01B1C735DF200683F87 /* EffectsService.swift in Sources */,
				492D17F11C5A024E00D98404 /* EffectsVersion.swift in Sources */,
				FDEA23171C734359009EE533 /* PostService.swift in Sources */,
				FDEA23151C73434E009EE533 /* UserService.swift in Sources */,
				FD7C431D1C60CC89003E4072 /* PushNotificationQueue.swift in Sources */,
				492D17F31C5A027D00D98404 /* EffectsSticker.swift in Sources */,
				FDD0F0BC1C4E52F300331799 /* Post.swift in Sources */,
				FDD0F0B31C4E528700331799 /* AlertManager.swift in Sources */,
				95D6D7AD1C4E5E3B004E2145 /* AuthorizationViewController.swift in Sources */,
				771E3E801C74CB22000608EF /* CellInterface.swift in Sources */,
				77A3620A1C6239FD0095B0B5 /* ReachabilityHelper.swift in Sources */,
				FDD0F0B61C4E528700331799 /* PhotoGenerator.swift in Sources */,
				95D6D7AF1C4E9036004E2145 /* ImageLoaderService.swift in Sources */,
				77752CA11C7B396800DCED81 /* EditProfileRouter.swift in Sources */,
				FD7C43171C60AA65003E4072 /* AppearanceConfigurator.swift in Sources */,
				FD27A2671C620ECE0058203F /* UIView+Effects.swift in Sources */,
				FDAF46AC1C49369E008060CD /* AppDelegate.swift in Sources */,
				FD9D83691C7521B100D6495D /* NSError+ErrorType.swift in Sources */,
				492D17F51C5A186100D98404 /* EffectsModel.swift in Sources */,
				7787919B1C693CEF00DFF8C9 /* EffectsGroupHeaderView.swift in Sources */,
				4904A1B61C526EA200F26E05 /* ValidationService.swift in Sources */,
				492D17F71C5B9FE500D98404 /* EffectViewCell.swift in Sources */,
				95D6D7B31C50998D004E2145 /* ErrorHandler.swift in Sources */,
				499DD0571C57DFD100DABCD5 /* ImageViewModel.swift in Sources */,
				492D17EF1C5A00EE00D98404 /* EffectsGroup.swift in Sources */,
				FD6C17BD1C49506100A01715 /* Constants.swift in Sources */,
				95199AEB1C4CF6A00086D613 /* FeedViewController.swift in Sources */,
				FDD0F0BA1C4E52DD00331799 /* PostAdapter.swift in Sources */,
				77752C9D1C7B396800DCED81 /* ProfileRouter.swift in Sources */,
				497954641C7B497E0003B960 /* ToastActivityHelper.swift in Sources */,
				FD7C43191C60AB9D003E4072 /* UIColor+BaseColor.swift in Sources */,
				95E4A0721C58EA8700D52150 /* EffectEditorView.swift in Sources */,
				FDD0F0C01C4E535900331799 /* Reachability.swift in Sources */,
				77B42D231C6B762B00C5A999 /* EffectsLayout.swift in Sources */,
				FDD0F0B41C4E528700331799 /* AuthService.swift in Sources */,
			);
			runOnlyForDeploymentPostprocessing = 0;
		};
		FDAF467E1C47E8AB008060CD /* Sources */ = {
			isa = PBXSourcesBuildPhase;
			buildActionMask = 2147483647;
			files = (
			);
			runOnlyForDeploymentPostprocessing = 0;
		};
		FDAF46891C47E8AB008060CD /* Sources */ = {
			isa = PBXSourcesBuildPhase;
			buildActionMask = 2147483647;
			files = (
			);
			runOnlyForDeploymentPostprocessing = 0;
		};
/* End PBXSourcesBuildPhase section */

/* Begin PBXTargetDependency section */
		FDAF46841C47E8AB008060CD /* PBXTargetDependency */ = {
			isa = PBXTargetDependency;
			target = FDAF466D1C47E8AA008060CD /* P-effect */;
			targetProxy = FDAF46831C47E8AB008060CD /* PBXContainerItemProxy */;
		};
		FDAF468F1C47E8AB008060CD /* PBXTargetDependency */ = {
			isa = PBXTargetDependency;
			target = FDAF466D1C47E8AA008060CD /* P-effect */;
			targetProxy = FDAF468E1C47E8AB008060CD /* PBXContainerItemProxy */;
		};
/* End PBXTargetDependency section */

/* Begin XCBuildConfiguration section */
		FDAF46941C47E8AB008060CD /* Debug */ = {
			isa = XCBuildConfiguration;
			buildSettings = {
				ALWAYS_SEARCH_USER_PATHS = NO;
				CLANG_ALLOW_NON_MODULAR_INCLUDES_IN_FRAMEWORK_MODULES = YES;
				CLANG_CXX_LANGUAGE_STANDARD = "gnu++0x";
				CLANG_CXX_LIBRARY = "libc++";
				CLANG_ENABLE_MODULES = YES;
				CLANG_ENABLE_OBJC_ARC = YES;
				CLANG_WARN_BOOL_CONVERSION = YES;
				CLANG_WARN_CONSTANT_CONVERSION = YES;
				CLANG_WARN_DIRECT_OBJC_ISA_USAGE = YES_ERROR;
				CLANG_WARN_EMPTY_BODY = YES;
				CLANG_WARN_ENUM_CONVERSION = YES;
				CLANG_WARN_INT_CONVERSION = YES;
				CLANG_WARN_OBJC_ROOT_CLASS = YES_ERROR;
				CLANG_WARN_UNREACHABLE_CODE = YES;
				CLANG_WARN__DUPLICATE_METHOD_MATCH = YES;
				CODE_SIGN_IDENTITY = "iPhone Developer: Sergiy Fesenko (Y8JZQ7JQ9A)";
				"CODE_SIGN_IDENTITY[sdk=iphoneos*]" = "iPhone Developer: Sergiy Fesenko (Y8JZQ7JQ9A)";
				COPY_PHASE_STRIP = NO;
				DEBUG_INFORMATION_FORMAT = dwarf;
				ENABLE_STRICT_OBJC_MSGSEND = YES;
				ENABLE_TESTABILITY = YES;
				GCC_C_LANGUAGE_STANDARD = gnu99;
				GCC_DYNAMIC_NO_PIC = NO;
				GCC_NO_COMMON_BLOCKS = YES;
				GCC_OPTIMIZATION_LEVEL = 0;
				GCC_PREPROCESSOR_DEFINITIONS = (
					"DEBUG=1",
					"$(inherited)",
				);
				GCC_WARN_64_TO_32_BIT_CONVERSION = YES;
				GCC_WARN_ABOUT_RETURN_TYPE = YES_ERROR;
				GCC_WARN_UNDECLARED_SELECTOR = YES;
				GCC_WARN_UNINITIALIZED_AUTOS = YES_AGGRESSIVE;
				GCC_WARN_UNUSED_FUNCTION = YES;
				GCC_WARN_UNUSED_VARIABLE = YES;
				IPHONEOS_DEPLOYMENT_TARGET = 9.0;
				MTL_ENABLE_DEBUG_INFO = YES;
				ONLY_ACTIVE_ARCH = YES;
				PROVISIONING_PROFILE = "6df421a4-7f40-4b24-b6c4-ede4dd89854d";
				SDKROOT = iphoneos;
				SWIFT_OPTIMIZATION_LEVEL = "-Onone";
				TARGETED_DEVICE_FAMILY = "1,2";
			};
			name = Debug;
		};
		FDAF46951C47E8AB008060CD /* Release */ = {
			isa = XCBuildConfiguration;
			buildSettings = {
				ALWAYS_SEARCH_USER_PATHS = NO;
				CLANG_ALLOW_NON_MODULAR_INCLUDES_IN_FRAMEWORK_MODULES = YES;
				CLANG_CXX_LANGUAGE_STANDARD = "gnu++0x";
				CLANG_CXX_LIBRARY = "libc++";
				CLANG_ENABLE_MODULES = YES;
				CLANG_ENABLE_OBJC_ARC = YES;
				CLANG_WARN_BOOL_CONVERSION = YES;
				CLANG_WARN_CONSTANT_CONVERSION = YES;
				CLANG_WARN_DIRECT_OBJC_ISA_USAGE = YES_ERROR;
				CLANG_WARN_EMPTY_BODY = YES;
				CLANG_WARN_ENUM_CONVERSION = YES;
				CLANG_WARN_INT_CONVERSION = YES;
				CLANG_WARN_OBJC_ROOT_CLASS = YES_ERROR;
				CLANG_WARN_UNREACHABLE_CODE = YES;
				CLANG_WARN__DUPLICATE_METHOD_MATCH = YES;
				CODE_SIGN_IDENTITY = "iPhone Developer: Sergiy Fesenko (Y8JZQ7JQ9A)";
				"CODE_SIGN_IDENTITY[sdk=iphoneos*]" = "iPhone Developer: Sergiy Fesenko (Y8JZQ7JQ9A)";
				COPY_PHASE_STRIP = NO;
				DEBUG_INFORMATION_FORMAT = "dwarf-with-dsym";
				ENABLE_NS_ASSERTIONS = NO;
				ENABLE_STRICT_OBJC_MSGSEND = YES;
				GCC_C_LANGUAGE_STANDARD = gnu99;
				GCC_NO_COMMON_BLOCKS = YES;
				GCC_WARN_64_TO_32_BIT_CONVERSION = YES;
				GCC_WARN_ABOUT_RETURN_TYPE = YES_ERROR;
				GCC_WARN_UNDECLARED_SELECTOR = YES;
				GCC_WARN_UNINITIALIZED_AUTOS = YES_AGGRESSIVE;
				GCC_WARN_UNUSED_FUNCTION = YES;
				GCC_WARN_UNUSED_VARIABLE = YES;
				IPHONEOS_DEPLOYMENT_TARGET = 9.0;
				MTL_ENABLE_DEBUG_INFO = NO;
				PROVISIONING_PROFILE = "6df421a4-7f40-4b24-b6c4-ede4dd89854d";
				SDKROOT = iphoneos;
				SWIFT_OPTIMIZATION_LEVEL = "-O";
				TARGETED_DEVICE_FAMILY = "1,2";
				VALIDATE_PRODUCT = YES;
			};
			name = Release;
		};
		FDAF46971C47E8AB008060CD /* Debug */ = {
			isa = XCBuildConfiguration;
			baseConfigurationReference = F6ED9BB31320F4166A4FFF3C /* Pods.debug.xcconfig */;
			buildSettings = {
				ASSETCATALOG_COMPILER_APPICON_NAME = AppIcon;
				ASSETCATALOG_COMPILER_LAUNCHIMAGE_NAME = LaunchImage;
				CLANG_ENABLE_MODULES = YES;
				CODE_SIGN_IDENTITY = "iPhone Developer: Sergiy Fesenko (Y8JZQ7JQ9A)";
				"CODE_SIGN_IDENTITY[sdk=iphoneos*]" = "iPhone Developer: Sergiy Fesenko (Y8JZQ7JQ9A)";
				EMBEDDED_CONTENT_CONTAINS_SWIFT = YES;
				FRAMEWORK_SEARCH_PATHS = (
					"$(inherited)",
					"$(PROJECT_DIR)",
				);
				INFOPLIST_FILE = "P-effect/Info.plist";
				IPHONEOS_DEPLOYMENT_TARGET = 9.0;
				LD_RUNPATH_SEARCH_PATHS = "$(inherited) @executable_path/Frameworks";
				LIBRARY_SEARCH_PATHS = (
					"$(inherited)",
					"$(PROJECT_DIR)/build/Debug-iphoneos",
				);
				PRODUCT_BUNDLE_IDENTIFIER = "com.yalantis.P-effect";
				PRODUCT_NAME = "$(TARGET_NAME)";
				PROVISIONING_PROFILE = "6df421a4-7f40-4b24-b6c4-ede4dd89854d";
				SWIFT_OBJC_BRIDGING_HEADER = "P-effect/P-effect-Bridging-Header.h";
				SWIFT_OPTIMIZATION_LEVEL = "-Onone";
			};
			name = Debug;
		};
		FDAF46981C47E8AB008060CD /* Release */ = {
			isa = XCBuildConfiguration;
			baseConfigurationReference = 417C7F0BA78FEA4860422B08 /* Pods.release.xcconfig */;
			buildSettings = {
				ASSETCATALOG_COMPILER_APPICON_NAME = AppIcon;
				ASSETCATALOG_COMPILER_LAUNCHIMAGE_NAME = LaunchImage;
				CLANG_ENABLE_MODULES = YES;
				CODE_SIGN_IDENTITY = "iPhone Developer: Sergiy Fesenko (Y8JZQ7JQ9A)";
				"CODE_SIGN_IDENTITY[sdk=iphoneos*]" = "iPhone Developer: Sergiy Fesenko (Y8JZQ7JQ9A)";
				EMBEDDED_CONTENT_CONTAINS_SWIFT = YES;
				FRAMEWORK_SEARCH_PATHS = (
					"$(inherited)",
					"$(PROJECT_DIR)",
				);
				INFOPLIST_FILE = "P-effect/Info.plist";
				IPHONEOS_DEPLOYMENT_TARGET = 9.0;
				LD_RUNPATH_SEARCH_PATHS = "$(inherited) @executable_path/Frameworks";
				LIBRARY_SEARCH_PATHS = (
					"$(inherited)",
					"$(PROJECT_DIR)/build/Debug-iphoneos",
				);
				PRODUCT_BUNDLE_IDENTIFIER = "com.yalantis.P-effect";
				PRODUCT_NAME = "$(TARGET_NAME)";
				PROVISIONING_PROFILE = "6df421a4-7f40-4b24-b6c4-ede4dd89854d";
				SWIFT_OBJC_BRIDGING_HEADER = "P-effect/P-effect-Bridging-Header.h";
			};
			name = Release;
		};
		FDAF469A1C47E8AB008060CD /* Debug */ = {
			isa = XCBuildConfiguration;
			buildSettings = {
				BUNDLE_LOADER = "$(TEST_HOST)";
				INFOPLIST_FILE = "P-effectTests/Info.plist";
				LD_RUNPATH_SEARCH_PATHS = "$(inherited) @executable_path/Frameworks @loader_path/Frameworks";
				PRODUCT_BUNDLE_IDENTIFIER = "Yal.P-effectTests";
				PRODUCT_NAME = "$(TARGET_NAME)";
				TEST_HOST = "$(BUILT_PRODUCTS_DIR)/P-effect.app/P-effect";
			};
			name = Debug;
		};
		FDAF469B1C47E8AB008060CD /* Release */ = {
			isa = XCBuildConfiguration;
			buildSettings = {
				BUNDLE_LOADER = "$(TEST_HOST)";
				INFOPLIST_FILE = "P-effectTests/Info.plist";
				LD_RUNPATH_SEARCH_PATHS = "$(inherited) @executable_path/Frameworks @loader_path/Frameworks";
				PRODUCT_BUNDLE_IDENTIFIER = "Yal.P-effectTests";
				PRODUCT_NAME = "$(TARGET_NAME)";
				TEST_HOST = "$(BUILT_PRODUCTS_DIR)/P-effect.app/P-effect";
			};
			name = Release;
		};
		FDAF469D1C47E8AB008060CD /* Debug */ = {
			isa = XCBuildConfiguration;
			buildSettings = {
				INFOPLIST_FILE = "P-effectUITests/Info.plist";
				LD_RUNPATH_SEARCH_PATHS = "$(inherited) @executable_path/Frameworks @loader_path/Frameworks";
				PRODUCT_BUNDLE_IDENTIFIER = "Yal.P-effectUITests";
				PRODUCT_NAME = "$(TARGET_NAME)";
				TEST_TARGET_NAME = "P-effect";
				USES_XCTRUNNER = YES;
			};
			name = Debug;
		};
		FDAF469E1C47E8AB008060CD /* Release */ = {
			isa = XCBuildConfiguration;
			buildSettings = {
				INFOPLIST_FILE = "P-effectUITests/Info.plist";
				LD_RUNPATH_SEARCH_PATHS = "$(inherited) @executable_path/Frameworks @loader_path/Frameworks";
				PRODUCT_BUNDLE_IDENTIFIER = "Yal.P-effectUITests";
				PRODUCT_NAME = "$(TARGET_NAME)";
				TEST_TARGET_NAME = "P-effect";
				USES_XCTRUNNER = YES;
			};
			name = Release;
		};
/* End XCBuildConfiguration section */

/* Begin XCConfigurationList section */
		FDAF46691C47E8AA008060CD /* Build configuration list for PBXProject "P-effect" */ = {
			isa = XCConfigurationList;
			buildConfigurations = (
				FDAF46941C47E8AB008060CD /* Debug */,
				FDAF46951C47E8AB008060CD /* Release */,
			);
			defaultConfigurationIsVisible = 0;
			defaultConfigurationName = Release;
		};
		FDAF46961C47E8AB008060CD /* Build configuration list for PBXNativeTarget "P-effect" */ = {
			isa = XCConfigurationList;
			buildConfigurations = (
				FDAF46971C47E8AB008060CD /* Debug */,
				FDAF46981C47E8AB008060CD /* Release */,
			);
			defaultConfigurationIsVisible = 0;
			defaultConfigurationName = Release;
		};
		FDAF46991C47E8AB008060CD /* Build configuration list for PBXNativeTarget "P-effectTests" */ = {
			isa = XCConfigurationList;
			buildConfigurations = (
				FDAF469A1C47E8AB008060CD /* Debug */,
				FDAF469B1C47E8AB008060CD /* Release */,
			);
			defaultConfigurationIsVisible = 0;
			defaultConfigurationName = Release;
		};
		FDAF469C1C47E8AB008060CD /* Build configuration list for PBXNativeTarget "P-effectUITests" */ = {
			isa = XCConfigurationList;
			buildConfigurations = (
				FDAF469D1C47E8AB008060CD /* Debug */,
				FDAF469E1C47E8AB008060CD /* Release */,
			);
			defaultConfigurationIsVisible = 0;
			defaultConfigurationName = Release;
		};
/* End XCConfigurationList section */
	};
	rootObject = FDAF46661C47E8AA008060CD /* Project object */;
}
